PODS:
  - Colorful (3.0.0)
  - Crashlytics (3.14.0):
    - Fabric (~> 1.10.2)
  - EmptyStateKit (1.1.0)
  - Fabric (1.10.2)
  - Firebase/CoreOnly (6.31.1):
    - FirebaseCore (= 6.10.1)
  - Firebase/Messaging (6.31.1):
    - Firebase/CoreOnly
    - FirebaseMessaging (~> 4.6.2)
  - FirebaseCore (6.10.1):
    - FirebaseCoreDiagnostics (~> 1.6)
    - GoogleUtilities/Environment (~> 6.7)
    - GoogleUtilities/Logger (~> 6.7)
  - FirebaseCoreDiagnostics (1.6.0):
    - GoogleDataTransport (~> 7.2)
    - GoogleUtilities/Environment (~> 6.7)
    - GoogleUtilities/Logger (~> 6.7)
    - nanopb (~> 1.30906.0)
  - FirebaseInstallations (1.7.0):
    - FirebaseCore (~> 6.10)
    - GoogleUtilities/Environment (~> 6.7)
    - GoogleUtilities/UserDefaults (~> 6.7)
    - PromisesObjC (~> 1.2)
  - FirebaseInstanceID (4.6.0):
    - FirebaseCore (~> 6.10)
    - FirebaseInstallations (~> 1.6)
    - GoogleUtilities/Environment (~> 6.7)
    - GoogleUtilities/UserDefaults (~> 6.7)
  - FirebaseMessaging (4.6.2):
    - FirebaseCore (~> 6.10)
    - FirebaseInstanceID (~> 4.6)
    - GoogleUtilities/AppDelegateSwizzler (~> 6.7)
    - GoogleUtilities/Environment (~> 6.7)
    - GoogleUtilities/Reachability (~> 6.7)
    - GoogleUtilities/UserDefaults (~> 6.7)
    - Protobuf (>= 3.9.2, ~> 3.9)
  - GoogleDataTransport (7.3.0):
    - nanopb (~> 1.30906.0)
  - GoogleUtilities/AppDelegateSwizzler (6.7.2):
    - GoogleUtilities/Environment
    - GoogleUtilities/Logger
    - GoogleUtilities/Network
  - GoogleUtilities/Environment (6.7.2):
    - PromisesObjC (~> 1.2)
  - GoogleUtilities/Logger (6.7.2):
    - GoogleUtilities/Environment
  - GoogleUtilities/Network (6.7.2):
    - GoogleUtilities/Logger
    - "GoogleUtilities/NSData+zlib"
    - GoogleUtilities/Reachability
  - "GoogleUtilities/NSData+zlib (6.7.2)"
  - GoogleUtilities/Reachability (6.7.2):
    - GoogleUtilities/Logger
  - GoogleUtilities/UserDefaults (6.7.2):
    - GoogleUtilities/Logger
  - iOSSnapshotTestCase (6.2.0):
    - iOSSnapshotTestCase/SwiftSupport (= 6.2.0)
  - iOSSnapshotTestCase/Core (6.2.0)
  - iOSSnapshotTestCase/SwiftSupport (6.2.0):
    - iOSSnapshotTestCase/Core
  - MaterialComponents/ActivityIndicator (114.0.0):
    - MaterialComponents/Palettes
    - MaterialComponents/private/Application
    - MDFInternationalization
    - MotionAnimator (~> 2.0)
  - MaterialComponents/Palettes (114.0.0)
  - MaterialComponents/private/Application (114.0.0)
  - MDFInternationalization (2.0.0)
  - MGSwipeTableCell (1.6.11)
  - MotionAnimator (2.8.1):
    - MotionInterchange (~> 1.6)
  - MotionInterchange (1.6.0)
  - nanopb (1.30906.0):
    - nanopb/decode (= 1.30906.0)
    - nanopb/encode (= 1.30906.0)
  - nanopb/decode (1.30906.0)
  - nanopb/encode (1.30906.0)
  - ObjectivePGP (0.15.0)
  - PromisesObjC (1.2.10)
  - Protobuf (3.13.0)

DEPENDENCIES:
  - Colorful (~> 3.0)
  - Crashlytics
  - EmptyStateKit
  - Fabric
  - Firebase/Messaging
  - iOSSnapshotTestCase
  - MaterialComponents/ActivityIndicator
  - MGSwipeTableCell
  - ObjectivePGP

SPEC REPOS:
  trunk:
    - Colorful
    - Crashlytics
    - EmptyStateKit
    - Fabric
    - Firebase
    - FirebaseCore
    - FirebaseCoreDiagnostics
    - FirebaseInstallations
    - FirebaseInstanceID
    - FirebaseMessaging
    - GoogleDataTransport
    - GoogleUtilities
    - iOSSnapshotTestCase
    - MaterialComponents
    - MDFInternationalization
    - MGSwipeTableCell
    - MotionAnimator
    - MotionInterchange
    - nanopb
    - ObjectivePGP
    - PromisesObjC
    - Protobuf

SPEC CHECKSUMS:
  Colorful: 9e093edacaa9fb73512ad9da157f0707b82d2542
  Crashlytics: 540b7e5f5da5a042647227a5e3ac51d85eed06df
  EmptyStateKit: dc41e9ce5c6089f67a49d063bce73ade9f2ba73f
  Fabric: 706c8b8098fff96c33c0db69cbf81f9c551d0d74
  Firebase: 658370fa0181826a74b7cfca8d68c5856ca749ae
  FirebaseCore: 6fb954e350af0885803d5aa49865d15d9a6b264c
  FirebaseCoreDiagnostics: 7415bfb3883b3500c5a95c42b6ba66baae78f600
  FirebaseInstallations: 466c7b4d1f58fe16707693091da253726a731ed2
  FirebaseInstanceID: 84f5f5762f1bee94ca2254f693bbf5aec6666504
  FirebaseMessaging: 82d75b3770a78bbce470769a6980429608b4c407
  GoogleDataTransport: e85fb700c9b027079ce182c3d08e12e0f9618bb4
  GoogleUtilities: 7f2f5a07f888cdb145101d6042bc4422f57e70b3
  iOSSnapshotTestCase: 9ab44cb5aa62b84d31847f40680112e15ec579a6
  MaterialComponents: 82c900f70f609710c47a9872bc2d59ce08ca0b18
  MDFInternationalization: 010097556d6b09d2c4ea38e0820ea6d37be6a314
  MGSwipeTableCell: b804e4e450dee439c42250be90bd50458bf67fce
  MotionAnimator: ee16aa30567c5bae0fb2750c132915829cfaaf8a
  MotionInterchange: ead0e3ae1f3a5fb539e289debbc7ae036160a10d
  nanopb: 59317e09cf1f1a0af72f12af412d54edf52603fc
  ObjectivePGP: 35a73ed3253e7e2982184ea86b1ff6c5773d1299
  PromisesObjC: b14b1c6b68e306650688599de8a45e49fae81151
  Protobuf: 3dac39b34a08151c6d949560efe3f86134a3f748

PODFILE CHECKSUM: 840fa517d0f236c553316cf3bf440c162be249fd

COCOAPODS: 1.8.4
