PODS:
  - Crashlytics (3.14.0):
    - Fabric (~> 1.10.2)
  - EMAlertController (1.0.2)
  - EmptyStateKit (1.1.0)
  - Fabric (1.10.2)
  - Firebase/CoreOnly (7.2.0):
    - FirebaseCore (= 7.2.0)
  - Firebase/Messaging (7.2.0):
    - Firebase/CoreOnly
    - FirebaseMessaging (~> 7.2.0)
  - FirebaseCore (7.2.0):
    - FirebaseCoreDiagnostics (~> 7.0)
    - GoogleUtilities/Environment (~> 7.0)
    - GoogleUtilities/Logger (~> 7.0)
  - FirebaseCoreDiagnostics (7.2.0):
    - GoogleDataTransport (~> 8.0)
    - GoogleUtilities/Environment (~> 7.0)
    - GoogleUtilities/Logger (~> 7.0)
    - nanopb (~> 2.30906.0)
  - FirebaseInstallations (7.2.0):
    - FirebaseCore (~> 7.0)
    - GoogleUtilities/Environment (~> 7.0)
    - GoogleUtilities/UserDefaults (~> 7.0)
    - PromisesObjC (~> 1.2)
  - FirebaseInstanceID (7.2.0):
    - FirebaseCore (~> 7.0)
    - FirebaseInstallations (~> 7.0)
    - GoogleUtilities/Environment (~> 7.0)
    - GoogleUtilities/UserDefaults (~> 7.0)
  - FirebaseMessaging (7.2.0):
    - FirebaseCore (~> 7.0)
    - FirebaseInstanceID (~> 7.0)
    - GoogleUtilities/AppDelegateSwizzler (~> 7.0)
    - GoogleUtilities/Environment (~> 7.0)
    - GoogleUtilities/Reachability (~> 7.0)
    - GoogleUtilities/UserDefaults (~> 7.0)
  - GoogleDataTransport (8.0.1):
    - nanopb (~> 2.30906.0)
  - GoogleUtilities/AppDelegateSwizzler (7.1.1):
    - GoogleUtilities/Environment
    - GoogleUtilities/Logger
    - GoogleUtilities/Network
  - GoogleUtilities/Environment (7.1.1):
    - PromisesObjC (~> 1.2)
  - GoogleUtilities/Logger (7.1.1):
    - GoogleUtilities/Environment
  - GoogleUtilities/Network (7.1.1):
    - GoogleUtilities/Logger
    - "GoogleUtilities/NSData+zlib"
    - GoogleUtilities/Reachability
  - "GoogleUtilities/NSData+zlib (7.1.1)"
  - GoogleUtilities/Reachability (7.1.1):
    - GoogleUtilities/Logger
  - GoogleUtilities/UserDefaults (7.1.1):
    - GoogleUtilities/Logger
  - iOSSnapshotTestCase (6.2.0):
    - iOSSnapshotTestCase/SwiftSupport (= 6.2.0)
  - iOSSnapshotTestCase/Core (6.2.0)
  - iOSSnapshotTestCase/SwiftSupport (6.2.0):
    - iOSSnapshotTestCase/Core
  - MaterialComponents/ActivityIndicator (119.1.3):
    - MaterialComponents/Palettes
    - MaterialComponents/private/Application
    - MDFInternationalization
    - MotionAnimator (~> 2.0)
  - MaterialComponents/Palettes (119.1.3)
  - MaterialComponents/private/Application (119.1.3)
  - MDFInternationalization (2.0.0)
  - MotionAnimator (2.8.1):
    - MotionInterchange (~> 1.6)
  - MotionInterchange (1.6.0)
  - nanopb (2.30906.0):
    - nanopb/decode (= 2.30906.0)
    - nanopb/encode (= 2.30906.0)
  - nanopb/decode (2.30906.0)
  - nanopb/encode (2.30906.0)
  - ObjectivePGP (0.17.0)
  - PromisesObjC (1.2.11)
  - Sentry (7.1.3):
    - Sentry/Core (= 7.1.3)
  - Sentry/Core (7.1.3)

DEPENDENCIES:
  - Crashlytics
  - EMAlertController
  - EmptyStateKit
  - Fabric
  - Firebase/Messaging
  - iOSSnapshotTestCase
  - MaterialComponents/ActivityIndicator
  - ObjectivePGP
  - Sentry (from `https://github.com/getsentry/sentry-cocoa.git`, tag `7.1.3`)

SPEC REPOS:
  trunk:
    - Crashlytics
    - EMAlertController
    - EmptyStateKit
    - Fabric
    - Firebase
    - FirebaseCore
    - FirebaseCoreDiagnostics
    - FirebaseInstallations
    - FirebaseInstanceID
    - FirebaseMessaging
    - GoogleDataTransport
    - GoogleUtilities
    - iOSSnapshotTestCase
    - MaterialComponents
    - MDFInternationalization
    - MotionAnimator
    - MotionInterchange
    - nanopb
    - ObjectivePGP
    - PromisesObjC

EXTERNAL SOURCES:
  Sentry:
    :git: https://github.com/getsentry/sentry-cocoa.git
    :tag: 7.1.3

CHECKOUT OPTIONS:
  Sentry:
    :git: https://github.com/getsentry/sentry-cocoa.git
    :tag: 7.1.3

SPEC CHECKSUMS:
  Crashlytics: 9220f5bc89e7a618df411b4f639389dbfb0e03d2
  EMAlertController: 471e4630309e5ae843ef71f502d6b58525b22c60
  EmptyStateKit: dc41e9ce5c6089f67a49d063bce73ade9f2ba73f
  Fabric: ea977e3cd9c20425516d3dafd3bf8c941c51223f
  Firebase: 456eeacc158d8c58586b7871619a81bb9f27d4ae
  FirebaseCore: c959e8a598f83125c01c1700d9161b236ab3833c
  FirebaseCoreDiagnostics: 2d508e12e77e9691ca67d1669b91ee80f0985b29
  FirebaseInstallations: 9ab3a9a6522e687f59ff9bcfd92949ac85073f3c
  FirebaseInstanceID: 68d2fa458c0c6adfde0007ffe35b51a37b163dec
  FirebaseMessaging: 7091222bfac24ca89c569c3c59e58390311e487f
  GoogleDataTransport: e4085e6762f36a6141738f46b0153473ce57fb18
  GoogleUtilities: 3dc4ff0d5e4840e2fa8eef0889620e8c33d4218c
  iOSSnapshotTestCase: 9ab44cb5aa62b84d31847f40680112e15ec579a6
  MaterialComponents: 41734d9cdfa1011e575e197c4faa197703d21f71
  MDFInternationalization: 010097556d6b09d2c4ea38e0820ea6d37be6a314
  MotionAnimator: ee16aa30567c5bae0fb2750c132915829cfaaf8a
  MotionInterchange: ead0e3ae1f3a5fb539e289debbc7ae036160a10d
  nanopb: 1bf24dd71191072e120b83dd02d08f3da0d65e53
  ObjectivePGP: 82492902c036714b4a23ab0474b72d1ddf7ea7bd
  PromisesObjC: 8c196f5a328c2cba3e74624585467a557dcb482f
  Sentry: 6d963d64804dd06d96e778be729613f481394312

PODFILE CHECKSUM: b5fb212ec903a8da8637fb1cbaf43dea9176ab23

COCOAPODS: 1.10.0
