// !$*UTF8*$!
{
	archiveVersion = 1;
	classes = {
	};
	objectVersion = 50;
	objects = {

/* Begin PBXBuildFile section */
		8407AD92216CC61600AF2E7B /* EmailMessagesList.swift in Sources */ = {isa = PBXBuildFile; fileRef = 8407AD91216CC61600AF2E7B /* EmailMessagesList.swift */; };
		8407AD94216CC98900AF2E7B /* EmailMessage.swift in Sources */ = {isa = PBXBuildFile; fileRef = 8407AD93216CC98900AF2E7B /* EmailMessage.swift */; };
		84304298217D9D1C00DB5787 /* InboxSideMenuConfigurator.swift in Sources */ = {isa = PBXBuildFile; fileRef = 84304297217D9D1C00DB5787 /* InboxSideMenuConfigurator.swift */; };
		8430429A217D9D2D00DB5787 /* InboxSideMenuRouter.swift in Sources */ = {isa = PBXBuildFile; fileRef = 84304299217D9D2D00DB5787 /* InboxSideMenuRouter.swift */; };
		8430429C217D9D3F00DB5787 /* InboxSideMenuPresenter.swift in Sources */ = {isa = PBXBuildFile; fileRef = 8430429B217D9D3F00DB5787 /* InboxSideMenuPresenter.swift */; };
		8430429E217D9D5100DB5787 /* InboxSideMenuInteractor.swift in Sources */ = {isa = PBXBuildFile; fileRef = 8430429D217D9D5100DB5787 /* InboxSideMenuInteractor.swift */; };
		843042A0217D9D5D00DB5787 /* InboxSideMenuDataSource.swift in Sources */ = {isa = PBXBuildFile; fileRef = 8430429F217D9D5D00DB5787 /* InboxSideMenuDataSource.swift */; };
		8432070B21784B0100F18E5A /* WebKit.framework in Frameworks */ = {isa = PBXBuildFile; fileRef = 8432070A21784B0100F18E5A /* WebKit.framework */; };
		8432071321785F8400F18E5A /* InboxMessageTableViewCell.xib in Resources */ = {isa = PBXBuildFile; fileRef = 8432071221785F8400F18E5A /* InboxMessageTableViewCell.xib */; };
		843207152178C75000F18E5A /* InboxMessageTablelViewCell.swift in Sources */ = {isa = PBXBuildFile; fileRef = 843207142178C75000F18E5A /* InboxMessageTablelViewCell.swift */; };
		8432B2FC2186F39F006C901C /* SideMenuTableSectionHeaderView.swift in Sources */ = {isa = PBXBuildFile; fileRef = 8432B2FB2186F39F006C901C /* SideMenuTableSectionHeaderView.swift */; };
		8432B2FE2186F403006C901C /* SideMenuTableSectionHeader.xib in Resources */ = {isa = PBXBuildFile; fileRef = 8432B2FD2186F403006C901C /* SideMenuTableSectionHeader.xib */; };
		8432B300218709C9006C901C /* SideMenuTableViewCell.swift in Sources */ = {isa = PBXBuildFile; fileRef = 8432B2FF218709C9006C901C /* SideMenuTableViewCell.swift */; };
		8432B302218709F5006C901C /* SideMenuTableViewCell.xib in Resources */ = {isa = PBXBuildFile; fileRef = 8432B301218709F5006C901C /* SideMenuTableViewCell.xib */; };
		8433A53A218974B5008E1C85 /* InboxFilterView.swift in Sources */ = {isa = PBXBuildFile; fileRef = 8433A539218974B5008E1C85 /* InboxFilterView.swift */; };
		8433A53C21897595008E1C85 /* InboxFilter.xib in Resources */ = {isa = PBXBuildFile; fileRef = 8433A53B21897595008E1C85 /* InboxFilter.xib */; };
		8433A53F2189DD33008E1C85 /* MoveToViewController.swift in Sources */ = {isa = PBXBuildFile; fileRef = 8433A53E2189DD33008E1C85 /* MoveToViewController.swift */; };
		8433A5412189DE17008E1C85 /* MoveTo.storyboard in Resources */ = {isa = PBXBuildFile; fileRef = 8433A5402189DE17008E1C85 /* MoveTo.storyboard */; };
		8433FF1A216201A300C57DC8 /* AppDelegate.swift in Sources */ = {isa = PBXBuildFile; fileRef = 8433FF19216201A300C57DC8 /* AppDelegate.swift */; };
		8433FF1C216201A300C57DC8 /* MainViewController.swift in Sources */ = {isa = PBXBuildFile; fileRef = 8433FF1B216201A300C57DC8 /* MainViewController.swift */; };
		8433FF1F216201A300C57DC8 /* Main.storyboard in Resources */ = {isa = PBXBuildFile; fileRef = 8433FF1D216201A300C57DC8 /* Main.storyboard */; };
		8433FF21216201A500C57DC8 /* Assets.xcassets in Resources */ = {isa = PBXBuildFile; fileRef = 8433FF20216201A500C57DC8 /* Assets.xcassets */; };
		8433FF24216201A500C57DC8 /* LaunchScreen.storyboard in Resources */ = {isa = PBXBuildFile; fileRef = 8433FF22216201A500C57DC8 /* LaunchScreen.storyboard */; };
		8433FF4C21620DBD00C57DC8 /* Main-iPad.storyboard in Resources */ = {isa = PBXBuildFile; fileRef = 8433FF4B21620DBD00C57DC8 /* Main-iPad.storyboard */; };
		8433FF532162128200C57DC8 /* APIService.swift in Sources */ = {isa = PBXBuildFile; fileRef = 8433FF522162128200C57DC8 /* APIService.swift */; };
		8433FF552162129800C57DC8 /* RestAPIService.swift in Sources */ = {isa = PBXBuildFile; fileRef = 8433FF542162129800C57DC8 /* RestAPIService.swift */; };
		8433FF57216212D500C57DC8 /* AplicationManager.swift in Sources */ = {isa = PBXBuildFile; fileRef = 8433FF56216212D500C57DC8 /* AplicationManager.swift */; };
		8433FF5A2162181E00C57DC8 /* Constants.swift in Sources */ = {isa = PBXBuildFile; fileRef = 8433FF592162181E00C57DC8 /* Constants.swift */; };
		8433FF5C216246DC00C57DC8 /* PGPService.swift in Sources */ = {isa = PBXBuildFile; fileRef = 8433FF5B216246DC00C57DC8 /* PGPService.swift */; };
		8433FF5E21626D0600C57DC8 /* LaunchScreen-iPad.storyboard in Resources */ = {isa = PBXBuildFile; fileRef = 8433FF5D21626D0600C57DC8 /* LaunchScreen-iPad.storyboard */; };
		84356859216F2736002101D3 /* InboxNavigationController.swift in Sources */ = {isa = PBXBuildFile; fileRef = 84356858216F2736002101D3 /* InboxNavigationController.swift */; };
		8435685B216F2748002101D3 /* Inbox.storyboard in Resources */ = {isa = PBXBuildFile; fileRef = 8435685A216F2748002101D3 /* Inbox.storyboard */; };
		8435685D216F2DB3002101D3 /* InboxViewController.swift in Sources */ = {isa = PBXBuildFile; fileRef = 8435685C216F2DB3002101D3 /* InboxViewController.swift */; };
		8435685F216F2DCD002101D3 /* InboxDataSource.swift in Sources */ = {isa = PBXBuildFile; fileRef = 8435685E216F2DCD002101D3 /* InboxDataSource.swift */; };
		84356861216F2DE3002101D3 /* InboxConfigurator.swift in Sources */ = {isa = PBXBuildFile; fileRef = 84356860216F2DE3002101D3 /* InboxConfigurator.swift */; };
		84356863216F2DFE002101D3 /* InboxRouter.swift in Sources */ = {isa = PBXBuildFile; fileRef = 84356862216F2DFE002101D3 /* InboxRouter.swift */; };
		84356865216F2E0D002101D3 /* InboxPresenter.swift in Sources */ = {isa = PBXBuildFile; fileRef = 84356864216F2E0D002101D3 /* InboxPresenter.swift */; };
		84356867216F2E20002101D3 /* InboxInteractor.swift in Sources */ = {isa = PBXBuildFile; fileRef = 84356866216F2E20002101D3 /* InboxInteractor.swift */; };
		8436AD532180663800D16008 /* Localizable.strings in Resources */ = {isa = PBXBuildFile; fileRef = 8436AD552180663800D16008 /* Localizable.strings */; };
		8437103D217465A700DAE4BA /* ForgotPasswordNavigationController.swift in Sources */ = {isa = PBXBuildFile; fileRef = 8437103C217465A700DAE4BA /* ForgotPasswordNavigationController.swift */; };
		8437103F217465DD00DAE4BA /* ForgotPasswordViewController.swift in Sources */ = {isa = PBXBuildFile; fileRef = 8437103E217465DD00DAE4BA /* ForgotPasswordViewController.swift */; };
		843710412174661000DAE4BA /* ForgotPassword.storyboard in Resources */ = {isa = PBXBuildFile; fileRef = 843710402174661000DAE4BA /* ForgotPassword.storyboard */; };
		84371043217491F100DAE4BA /* ConfirmResetPasswordViewController.swift in Sources */ = {isa = PBXBuildFile; fileRef = 84371042217491F100DAE4BA /* ConfirmResetPasswordViewController.swift */; };
		843E972F21634E7900147CBE /* LaunchScreenViewController.swift in Sources */ = {isa = PBXBuildFile; fileRef = 843E972E21634E7800147CBE /* LaunchScreenViewController.swift */; };
		843E973221635BEB00147CBE /* LoginViewController.swift in Sources */ = {isa = PBXBuildFile; fileRef = 843E973121635BEB00147CBE /* LoginViewController.swift */; };
		843E973421635C3B00147CBE /* Login.storyboard in Resources */ = {isa = PBXBuildFile; fileRef = 843E973321635C3B00147CBE /* Login.storyboard */; };
		843E973721636FF200147CBE /* LoginConfigurator.swift in Sources */ = {isa = PBXBuildFile; fileRef = 843E973621636FF200147CBE /* LoginConfigurator.swift */; };
		843E97392163700900147CBE /* LoginRouter.swift in Sources */ = {isa = PBXBuildFile; fileRef = 843E97382163700900147CBE /* LoginRouter.swift */; };
		843E973B2163701B00147CBE /* LoginInteractor.swift in Sources */ = {isa = PBXBuildFile; fileRef = 843E973A2163701B00147CBE /* LoginInteractor.swift */; };
		843E973D2163703100147CBE /* LoginPresenter.swift in Sources */ = {isa = PBXBuildFile; fileRef = 843E973C2163703100147CBE /* LoginPresenter.swift */; };
		843FA928216BA39C00355849 /* FormatterService.swift in Sources */ = {isa = PBXBuildFile; fileRef = 843FA927216BA39C00355849 /* FormatterService.swift */; };
		843FBF13216DEFBD00148FC1 /* Mailboxes.swift in Sources */ = {isa = PBXBuildFile; fileRef = 843FBF12216DEFBD00148FC1 /* Mailboxes.swift */; };
		843FBF15216DF0A000148FC1 /* Mailbox.swift in Sources */ = {isa = PBXBuildFile; fileRef = 843FBF14216DF0A000148FC1 /* Mailbox.swift */; };
		843FBF17216E3D2400148FC1 /* Login-iPad.storyboard in Resources */ = {isa = PBXBuildFile; fileRef = 843FBF16216E3D2400148FC1 /* Login-iPad.storyboard */; };
		843FBF19216E4FE500148FC1 /* DeviceScreenConstants.swift in Sources */ = {isa = PBXBuildFile; fileRef = 843FBF18216E4FE500148FC1 /* DeviceScreenConstants.swift */; };
		843FC3822164C2CC000CFEA9 /* KeychainService.swift in Sources */ = {isa = PBXBuildFile; fileRef = 843FC3812164C2CC000CFEA9 /* KeychainService.swift */; };
		843FC3862164C9EE000CFEA9 /* SignUpPageViewController.swift in Sources */ = {isa = PBXBuildFile; fileRef = 843FC3852164C9EE000CFEA9 /* SignUpPageViewController.swift */; };
		843FC3882164CA0D000CFEA9 /* SignUpConfigurator.swift in Sources */ = {isa = PBXBuildFile; fileRef = 843FC3872164CA0D000CFEA9 /* SignUpConfigurator.swift */; };
		843FC38A2164CA1A000CFEA9 /* SignUpRouter.swift in Sources */ = {isa = PBXBuildFile; fileRef = 843FC3892164CA1A000CFEA9 /* SignUpRouter.swift */; };
		843FC38C2164CA27000CFEA9 /* SignUpPresenter.swift in Sources */ = {isa = PBXBuildFile; fileRef = 843FC38B2164CA27000CFEA9 /* SignUpPresenter.swift */; };
		843FC38E2164CA35000CFEA9 /* SignUpInteractor.swift in Sources */ = {isa = PBXBuildFile; fileRef = 843FC38D2164CA35000CFEA9 /* SignUpInteractor.swift */; };
		843FC3902164CBFA000CFEA9 /* SignUp.storyboard in Resources */ = {isa = PBXBuildFile; fileRef = 843FC38F2164CBFA000CFEA9 /* SignUp.storyboard */; };
		843FC3932164D1B2000CFEA9 /* SignUpPageName.swift in Sources */ = {isa = PBXBuildFile; fileRef = 843FC3922164D1B2000CFEA9 /* SignUpPageName.swift */; };
		843FC3952164D1E3000CFEA9 /* SignUpPagePassword.swift in Sources */ = {isa = PBXBuildFile; fileRef = 843FC3942164D1E3000CFEA9 /* SignUpPagePassword.swift */; };
		843FC3972164D20E000CFEA9 /* SignUpPageEmail.swift in Sources */ = {isa = PBXBuildFile; fileRef = 843FC3962164D20E000CFEA9 /* SignUpPageEmail.swift */; };
		8441098E2177238A00F0BE18 /* ViewInboxEmailViewController.swift in Sources */ = {isa = PBXBuildFile; fileRef = 8441098D2177238A00F0BE18 /* ViewInboxEmailViewController.swift */; };
		84410990217723CE00F0BE18 /* ViewInboxEmail.storyboard in Resources */ = {isa = PBXBuildFile; fileRef = 8441098F217723CE00F0BE18 /* ViewInboxEmail.storyboard */; };
		8441099221776B5100F0BE18 /* Lato-Bold.ttf in Resources */ = {isa = PBXBuildFile; fileRef = 8441099121776B4C00F0BE18 /* Lato-Bold.ttf */; };
		8441099421776B6400F0BE18 /* README.md in Resources */ = {isa = PBXBuildFile; fileRef = 8441099321776B6400F0BE18 /* README.md */; };
		844F4B5A216B3A380057C758 /* UserPGPKey.swift in Sources */ = {isa = PBXBuildFile; fileRef = 844F4B59216B3A380057C758 /* UserPGPKey.swift */; };
		845E64392170849C008612FE /* InboxSideMenuViewController.swift in Sources */ = {isa = PBXBuildFile; fileRef = 845E64382170849C008612FE /* InboxSideMenuViewController.swift */; };
		845E643B21709330008612FE /* InboxSideMenu.storyboard in Resources */ = {isa = PBXBuildFile; fileRef = 845E643A21709330008612FE /* InboxSideMenu.storyboard */; };
		845E643E2170A46C008612FE /* ComposeViewController.swift in Sources */ = {isa = PBXBuildFile; fileRef = 845E643D2170A46C008612FE /* ComposeViewController.swift */; };
		845E64402170A4A2008612FE /* Compose.storyboard in Resources */ = {isa = PBXBuildFile; fileRef = 845E643F2170A4A2008612FE /* Compose.storyboard */; };
		845E64432170BD21008612FE /* AboutAs.storyboard in Resources */ = {isa = PBXBuildFile; fileRef = 845E64422170BD21008612FE /* AboutAs.storyboard */; };
		845E64462170C5A4008612FE /* AboutAsViewController.swift in Sources */ = {isa = PBXBuildFile; fileRef = 845E64452170C5A4008612FE /* AboutAsViewController.swift */; };
		845E64472170CA6F008612FE /* Lato-Regular.ttf in Resources */ = {isa = PBXBuildFile; fileRef = 843E972C2163494400147CBE /* Lato-Regular.ttf */; };
		845E64482170CAEF008612FE /* Lato-Black.ttf in Resources */ = {isa = PBXBuildFile; fileRef = 845E64442170BF8F008612FE /* Lato-Black.ttf */; };
		845E64492170CAF2008612FE /* Roboto-Bold.ttf in Resources */ = {isa = PBXBuildFile; fileRef = 843E973521635F6D00147CBE /* Roboto-Bold.ttf */; };
		84A62E492175B508009C38E5 /* ResetPasswordViewController.swift in Sources */ = {isa = PBXBuildFile; fileRef = 84A62E482175B508009C38E5 /* ResetPasswordViewController.swift */; };
		84A62E4B2175C3CF009C38E5 /* NewPasswordViewController.swift in Sources */ = {isa = PBXBuildFile; fileRef = 84A62E4A2175C3CF009C38E5 /* NewPasswordViewController.swift */; };
		84A62E4D2175C6EB009C38E5 /* ForgotUsernameViewController.swift in Sources */ = {isa = PBXBuildFile; fileRef = 84A62E4C2175C6EB009C38E5 /* ForgotUsernameViewController.swift */; };
		84A62E4F2175CC98009C38E5 /* ForgotPasswordConfigurator.swift in Sources */ = {isa = PBXBuildFile; fileRef = 84A62E4E2175CC98009C38E5 /* ForgotPasswordConfigurator.swift */; };
		84A62E512175CD40009C38E5 /* ForgotPasswordRouter.swift in Sources */ = {isa = PBXBuildFile; fileRef = 84A62E502175CD40009C38E5 /* ForgotPasswordRouter.swift */; };
		84A62E532175CD95009C38E5 /* ForgotPasswordPresenter.swift in Sources */ = {isa = PBXBuildFile; fileRef = 84A62E522175CD95009C38E5 /* ForgotPasswordPresenter.swift */; };
		84A62E552175CDFB009C38E5 /* ForgotPasswordInteractor.swift in Sources */ = {isa = PBXBuildFile; fileRef = 84A62E542175CDFB009C38E5 /* ForgotPasswordInteractor.swift */; };
		84F348582181F4E300F00E37 /* BlurEffect.swift in Sources */ = {isa = PBXBuildFile; fileRef = 84F348572181F4E300F00E37 /* BlurEffect.swift */; };
		8895AB178CEFEFB8A9DCD62B /* Pods_Ctemplar.framework in Frameworks */ = {isa = PBXBuildFile; fileRef = A9B8DB58A9BFE099948CF3E1 /* Pods_Ctemplar.framework */; };
/* End PBXBuildFile section */

/* Begin PBXFileReference section */
		8407AD91216CC61600AF2E7B /* EmailMessagesList.swift */ = {isa = PBXFileReference; lastKnownFileType = sourcecode.swift; path = EmailMessagesList.swift; sourceTree = "<group>"; };
		8407AD93216CC98900AF2E7B /* EmailMessage.swift */ = {isa = PBXFileReference; lastKnownFileType = sourcecode.swift; path = EmailMessage.swift; sourceTree = "<group>"; };
		84304297217D9D1C00DB5787 /* InboxSideMenuConfigurator.swift */ = {isa = PBXFileReference; lastKnownFileType = sourcecode.swift; path = InboxSideMenuConfigurator.swift; sourceTree = "<group>"; };
		84304299217D9D2D00DB5787 /* InboxSideMenuRouter.swift */ = {isa = PBXFileReference; lastKnownFileType = sourcecode.swift; path = InboxSideMenuRouter.swift; sourceTree = "<group>"; };
		8430429B217D9D3F00DB5787 /* InboxSideMenuPresenter.swift */ = {isa = PBXFileReference; lastKnownFileType = sourcecode.swift; path = InboxSideMenuPresenter.swift; sourceTree = "<group>"; };
		8430429D217D9D5100DB5787 /* InboxSideMenuInteractor.swift */ = {isa = PBXFileReference; lastKnownFileType = sourcecode.swift; path = InboxSideMenuInteractor.swift; sourceTree = "<group>"; };
		8430429F217D9D5D00DB5787 /* InboxSideMenuDataSource.swift */ = {isa = PBXFileReference; lastKnownFileType = sourcecode.swift; path = InboxSideMenuDataSource.swift; sourceTree = "<group>"; };
		8432070A21784B0100F18E5A /* WebKit.framework */ = {isa = PBXFileReference; lastKnownFileType = wrapper.framework; name = WebKit.framework; path = System/Library/Frameworks/WebKit.framework; sourceTree = SDKROOT; };
		8432071221785F8400F18E5A /* InboxMessageTableViewCell.xib */ = {isa = PBXFileReference; lastKnownFileType = file.xib; path = InboxMessageTableViewCell.xib; sourceTree = "<group>"; };
		843207142178C75000F18E5A /* InboxMessageTablelViewCell.swift */ = {isa = PBXFileReference; lastKnownFileType = sourcecode.swift; path = InboxMessageTablelViewCell.swift; sourceTree = "<group>"; };
		8432B2FB2186F39F006C901C /* SideMenuTableSectionHeaderView.swift */ = {isa = PBXFileReference; lastKnownFileType = sourcecode.swift; path = SideMenuTableSectionHeaderView.swift; sourceTree = "<group>"; };
		8432B2FD2186F403006C901C /* SideMenuTableSectionHeader.xib */ = {isa = PBXFileReference; lastKnownFileType = file.xib; path = SideMenuTableSectionHeader.xib; sourceTree = "<group>"; };
		8432B2FF218709C9006C901C /* SideMenuTableViewCell.swift */ = {isa = PBXFileReference; lastKnownFileType = sourcecode.swift; path = SideMenuTableViewCell.swift; sourceTree = "<group>"; };
		8432B301218709F5006C901C /* SideMenuTableViewCell.xib */ = {isa = PBXFileReference; lastKnownFileType = file.xib; path = SideMenuTableViewCell.xib; sourceTree = "<group>"; };
		8433A539218974B5008E1C85 /* InboxFilterView.swift */ = {isa = PBXFileReference; lastKnownFileType = sourcecode.swift; path = InboxFilterView.swift; sourceTree = "<group>"; };
		8433A53B21897595008E1C85 /* InboxFilter.xib */ = {isa = PBXFileReference; lastKnownFileType = file.xib; path = InboxFilter.xib; sourceTree = "<group>"; };
		8433A53E2189DD33008E1C85 /* MoveToViewController.swift */ = {isa = PBXFileReference; lastKnownFileType = sourcecode.swift; path = MoveToViewController.swift; sourceTree = "<group>"; };
		8433A5402189DE17008E1C85 /* MoveTo.storyboard */ = {isa = PBXFileReference; lastKnownFileType = file.storyboard; path = MoveTo.storyboard; sourceTree = "<group>"; };
		8433FF16216201A300C57DC8 /* Ctemplar.app */ = {isa = PBXFileReference; explicitFileType = wrapper.application; includeInIndex = 0; path = Ctemplar.app; sourceTree = BUILT_PRODUCTS_DIR; };
		8433FF19216201A300C57DC8 /* AppDelegate.swift */ = {isa = PBXFileReference; lastKnownFileType = sourcecode.swift; path = AppDelegate.swift; sourceTree = "<group>"; };
		8433FF1B216201A300C57DC8 /* MainViewController.swift */ = {isa = PBXFileReference; lastKnownFileType = sourcecode.swift; path = MainViewController.swift; sourceTree = "<group>"; };
		8433FF1E216201A300C57DC8 /* Base */ = {isa = PBXFileReference; lastKnownFileType = file.storyboard; name = Base; path = Base.lproj/Main.storyboard; sourceTree = "<group>"; };
		8433FF20216201A500C57DC8 /* Assets.xcassets */ = {isa = PBXFileReference; lastKnownFileType = folder.assetcatalog; path = Assets.xcassets; sourceTree = "<group>"; };
		8433FF23216201A500C57DC8 /* Base */ = {isa = PBXFileReference; lastKnownFileType = file.storyboard; name = Base; path = Base.lproj/LaunchScreen.storyboard; sourceTree = "<group>"; };
		8433FF25216201A500C57DC8 /* Info.plist */ = {isa = PBXFileReference; lastKnownFileType = text.plist.xml; path = Info.plist; sourceTree = "<group>"; };
		8433FF4B21620DBD00C57DC8 /* Main-iPad.storyboard */ = {isa = PBXFileReference; lastKnownFileType = file.storyboard; path = "Main-iPad.storyboard"; sourceTree = "<group>"; };
		8433FF522162128200C57DC8 /* APIService.swift */ = {isa = PBXFileReference; lastKnownFileType = sourcecode.swift; path = APIService.swift; sourceTree = "<group>"; };
		8433FF542162129800C57DC8 /* RestAPIService.swift */ = {isa = PBXFileReference; lastKnownFileType = sourcecode.swift; path = RestAPIService.swift; sourceTree = "<group>"; };
		8433FF56216212D500C57DC8 /* AplicationManager.swift */ = {isa = PBXFileReference; lastKnownFileType = sourcecode.swift; path = AplicationManager.swift; sourceTree = "<group>"; };
		8433FF592162181E00C57DC8 /* Constants.swift */ = {isa = PBXFileReference; lastKnownFileType = sourcecode.swift; path = Constants.swift; sourceTree = "<group>"; };
		8433FF5B216246DC00C57DC8 /* PGPService.swift */ = {isa = PBXFileReference; lastKnownFileType = sourcecode.swift; path = PGPService.swift; sourceTree = "<group>"; };
		8433FF5D21626D0600C57DC8 /* LaunchScreen-iPad.storyboard */ = {isa = PBXFileReference; lastKnownFileType = file.storyboard; path = "LaunchScreen-iPad.storyboard"; sourceTree = "<group>"; };
		84356858216F2736002101D3 /* InboxNavigationController.swift */ = {isa = PBXFileReference; lastKnownFileType = sourcecode.swift; path = InboxNavigationController.swift; sourceTree = "<group>"; };
		8435685A216F2748002101D3 /* Inbox.storyboard */ = {isa = PBXFileReference; lastKnownFileType = file.storyboard; path = Inbox.storyboard; sourceTree = "<group>"; };
		8435685C216F2DB3002101D3 /* InboxViewController.swift */ = {isa = PBXFileReference; lastKnownFileType = sourcecode.swift; path = InboxViewController.swift; sourceTree = "<group>"; };
		8435685E216F2DCD002101D3 /* InboxDataSource.swift */ = {isa = PBXFileReference; lastKnownFileType = sourcecode.swift; path = InboxDataSource.swift; sourceTree = "<group>"; };
		84356860216F2DE3002101D3 /* InboxConfigurator.swift */ = {isa = PBXFileReference; lastKnownFileType = sourcecode.swift; path = InboxConfigurator.swift; sourceTree = "<group>"; };
		84356862216F2DFE002101D3 /* InboxRouter.swift */ = {isa = PBXFileReference; lastKnownFileType = sourcecode.swift; path = InboxRouter.swift; sourceTree = "<group>"; };
		84356864216F2E0D002101D3 /* InboxPresenter.swift */ = {isa = PBXFileReference; lastKnownFileType = sourcecode.swift; path = InboxPresenter.swift; sourceTree = "<group>"; };
		84356866216F2E20002101D3 /* InboxInteractor.swift */ = {isa = PBXFileReference; lastKnownFileType = sourcecode.swift; path = InboxInteractor.swift; sourceTree = "<group>"; };
		8436AD4F2180650900D16008 /* ru */ = {isa = PBXFileReference; lastKnownFileType = text.plist.strings; name = ru; path = ru.lproj/LaunchScreen.strings; sourceTree = "<group>"; };
		8436AD502180650A00D16008 /* ru */ = {isa = PBXFileReference; lastKnownFileType = text.plist.strings; name = ru; path = ru.lproj/Main.strings; sourceTree = "<group>"; };
		8436AD542180663800D16008 /* ru */ = {isa = PBXFileReference; lastKnownFileType = text.plist.strings; name = ru; path = ru.lproj/Localizable.strings; sourceTree = "<group>"; };
		8436AD562180664100D16008 /* en */ = {isa = PBXFileReference; lastKnownFileType = text.plist.strings; name = en; path = en.lproj/Localizable.strings; sourceTree = "<group>"; };
		8436AD5821806D3400D16008 /* en */ = {isa = PBXFileReference; lastKnownFileType = text.plist.strings; name = en; path = en.lproj/LaunchScreen.strings; sourceTree = "<group>"; };
		8437103C217465A700DAE4BA /* ForgotPasswordNavigationController.swift */ = {isa = PBXFileReference; lastKnownFileType = sourcecode.swift; path = ForgotPasswordNavigationController.swift; sourceTree = "<group>"; };
		8437103E217465DD00DAE4BA /* ForgotPasswordViewController.swift */ = {isa = PBXFileReference; lastKnownFileType = sourcecode.swift; path = ForgotPasswordViewController.swift; sourceTree = "<group>"; };
		843710402174661000DAE4BA /* ForgotPassword.storyboard */ = {isa = PBXFileReference; lastKnownFileType = file.storyboard; path = ForgotPassword.storyboard; sourceTree = "<group>"; };
		84371042217491F100DAE4BA /* ConfirmResetPasswordViewController.swift */ = {isa = PBXFileReference; lastKnownFileType = sourcecode.swift; path = ConfirmResetPasswordViewController.swift; sourceTree = "<group>"; };
		843E972C2163494400147CBE /* Lato-Regular.ttf */ = {isa = PBXFileReference; lastKnownFileType = file; path = "Lato-Regular.ttf"; sourceTree = "<group>"; };
		843E972E21634E7800147CBE /* LaunchScreenViewController.swift */ = {isa = PBXFileReference; lastKnownFileType = sourcecode.swift; path = LaunchScreenViewController.swift; sourceTree = "<group>"; };
		843E973121635BEB00147CBE /* LoginViewController.swift */ = {isa = PBXFileReference; lastKnownFileType = sourcecode.swift; path = LoginViewController.swift; sourceTree = "<group>"; };
		843E973321635C3B00147CBE /* Login.storyboard */ = {isa = PBXFileReference; lastKnownFileType = file.storyboard; path = Login.storyboard; sourceTree = "<group>"; };
		843E973521635F6D00147CBE /* Roboto-Bold.ttf */ = {isa = PBXFileReference; lastKnownFileType = file; path = "Roboto-Bold.ttf"; sourceTree = "<group>"; };
		843E973621636FF200147CBE /* LoginConfigurator.swift */ = {isa = PBXFileReference; lastKnownFileType = sourcecode.swift; path = LoginConfigurator.swift; sourceTree = "<group>"; };
		843E97382163700900147CBE /* LoginRouter.swift */ = {isa = PBXFileReference; lastKnownFileType = sourcecode.swift; path = LoginRouter.swift; sourceTree = "<group>"; };
		843E973A2163701B00147CBE /* LoginInteractor.swift */ = {isa = PBXFileReference; lastKnownFileType = sourcecode.swift; path = LoginInteractor.swift; sourceTree = "<group>"; };
		843E973C2163703100147CBE /* LoginPresenter.swift */ = {isa = PBXFileReference; lastKnownFileType = sourcecode.swift; path = LoginPresenter.swift; sourceTree = "<group>"; };
		843FA927216BA39C00355849 /* FormatterService.swift */ = {isa = PBXFileReference; lastKnownFileType = sourcecode.swift; path = FormatterService.swift; sourceTree = "<group>"; };
		843FBF12216DEFBD00148FC1 /* Mailboxes.swift */ = {isa = PBXFileReference; lastKnownFileType = sourcecode.swift; path = Mailboxes.swift; sourceTree = "<group>"; };
		843FBF14216DF0A000148FC1 /* Mailbox.swift */ = {isa = PBXFileReference; lastKnownFileType = sourcecode.swift; path = Mailbox.swift; sourceTree = "<group>"; };
		843FBF16216E3D2400148FC1 /* Login-iPad.storyboard */ = {isa = PBXFileReference; lastKnownFileType = file.storyboard; path = "Login-iPad.storyboard"; sourceTree = "<group>"; };
		843FBF18216E4FE500148FC1 /* DeviceScreenConstants.swift */ = {isa = PBXFileReference; lastKnownFileType = sourcecode.swift; path = DeviceScreenConstants.swift; sourceTree = "<group>"; };
		843FC3812164C2CC000CFEA9 /* KeychainService.swift */ = {isa = PBXFileReference; lastKnownFileType = sourcecode.swift; path = KeychainService.swift; sourceTree = "<group>"; };
		843FC3832164C320000CFEA9 /* Ctemplar.entitlements */ = {isa = PBXFileReference; lastKnownFileType = text.plist.entitlements; path = Ctemplar.entitlements; sourceTree = "<group>"; };
		843FC3852164C9EE000CFEA9 /* SignUpPageViewController.swift */ = {isa = PBXFileReference; lastKnownFileType = sourcecode.swift; path = SignUpPageViewController.swift; sourceTree = "<group>"; };
		843FC3872164CA0D000CFEA9 /* SignUpConfigurator.swift */ = {isa = PBXFileReference; lastKnownFileType = sourcecode.swift; path = SignUpConfigurator.swift; sourceTree = "<group>"; };
		843FC3892164CA1A000CFEA9 /* SignUpRouter.swift */ = {isa = PBXFileReference; lastKnownFileType = sourcecode.swift; path = SignUpRouter.swift; sourceTree = "<group>"; };
		843FC38B2164CA27000CFEA9 /* SignUpPresenter.swift */ = {isa = PBXFileReference; lastKnownFileType = sourcecode.swift; path = SignUpPresenter.swift; sourceTree = "<group>"; };
		843FC38D2164CA35000CFEA9 /* SignUpInteractor.swift */ = {isa = PBXFileReference; lastKnownFileType = sourcecode.swift; path = SignUpInteractor.swift; sourceTree = "<group>"; };
		843FC38F2164CBFA000CFEA9 /* SignUp.storyboard */ = {isa = PBXFileReference; lastKnownFileType = file.storyboard; path = SignUp.storyboard; sourceTree = "<group>"; };
		843FC3922164D1B2000CFEA9 /* SignUpPageName.swift */ = {isa = PBXFileReference; lastKnownFileType = sourcecode.swift; path = SignUpPageName.swift; sourceTree = "<group>"; };
		843FC3942164D1E3000CFEA9 /* SignUpPagePassword.swift */ = {isa = PBXFileReference; lastKnownFileType = sourcecode.swift; path = SignUpPagePassword.swift; sourceTree = "<group>"; };
		843FC3962164D20E000CFEA9 /* SignUpPageEmail.swift */ = {isa = PBXFileReference; lastKnownFileType = sourcecode.swift; path = SignUpPageEmail.swift; sourceTree = "<group>"; };
		8441098D2177238A00F0BE18 /* ViewInboxEmailViewController.swift */ = {isa = PBXFileReference; lastKnownFileType = sourcecode.swift; path = ViewInboxEmailViewController.swift; sourceTree = "<group>"; };
		8441098F217723CE00F0BE18 /* ViewInboxEmail.storyboard */ = {isa = PBXFileReference; lastKnownFileType = file.storyboard; path = ViewInboxEmail.storyboard; sourceTree = "<group>"; };
		8441099121776B4C00F0BE18 /* Lato-Bold.ttf */ = {isa = PBXFileReference; lastKnownFileType = file; path = "Lato-Bold.ttf"; sourceTree = "<group>"; };
		8441099321776B6400F0BE18 /* README.md */ = {isa = PBXFileReference; fileEncoding = 4; lastKnownFileType = net.daringfireball.markdown; path = README.md; sourceTree = SOURCE_ROOT; };
		844F4B59216B3A380057C758 /* UserPGPKey.swift */ = {isa = PBXFileReference; lastKnownFileType = sourcecode.swift; path = UserPGPKey.swift; sourceTree = "<group>"; };
		845E64382170849C008612FE /* InboxSideMenuViewController.swift */ = {isa = PBXFileReference; lastKnownFileType = sourcecode.swift; path = InboxSideMenuViewController.swift; sourceTree = "<group>"; };
		845E643A21709330008612FE /* InboxSideMenu.storyboard */ = {isa = PBXFileReference; lastKnownFileType = file.storyboard; path = InboxSideMenu.storyboard; sourceTree = "<group>"; };
		845E643D2170A46C008612FE /* ComposeViewController.swift */ = {isa = PBXFileReference; lastKnownFileType = sourcecode.swift; path = ComposeViewController.swift; sourceTree = "<group>"; };
		845E643F2170A4A2008612FE /* Compose.storyboard */ = {isa = PBXFileReference; lastKnownFileType = file.storyboard; path = Compose.storyboard; sourceTree = "<group>"; };
		845E64422170BD21008612FE /* AboutAs.storyboard */ = {isa = PBXFileReference; lastKnownFileType = file.storyboard; path = AboutAs.storyboard; sourceTree = "<group>"; };
		845E64442170BF8F008612FE /* Lato-Black.ttf */ = {isa = PBXFileReference; lastKnownFileType = file; path = "Lato-Black.ttf"; sourceTree = "<group>"; };
		845E64452170C5A4008612FE /* AboutAsViewController.swift */ = {isa = PBXFileReference; lastKnownFileType = sourcecode.swift; path = AboutAsViewController.swift; sourceTree = "<group>"; };
		84A62E482175B508009C38E5 /* ResetPasswordViewController.swift */ = {isa = PBXFileReference; lastKnownFileType = sourcecode.swift; path = ResetPasswordViewController.swift; sourceTree = "<group>"; };
		84A62E4A2175C3CF009C38E5 /* NewPasswordViewController.swift */ = {isa = PBXFileReference; lastKnownFileType = sourcecode.swift; path = NewPasswordViewController.swift; sourceTree = "<group>"; };
		84A62E4C2175C6EB009C38E5 /* ForgotUsernameViewController.swift */ = {isa = PBXFileReference; lastKnownFileType = sourcecode.swift; path = ForgotUsernameViewController.swift; sourceTree = "<group>"; };
		84A62E4E2175CC98009C38E5 /* ForgotPasswordConfigurator.swift */ = {isa = PBXFileReference; lastKnownFileType = sourcecode.swift; path = ForgotPasswordConfigurator.swift; sourceTree = "<group>"; };
		84A62E502175CD40009C38E5 /* ForgotPasswordRouter.swift */ = {isa = PBXFileReference; lastKnownFileType = sourcecode.swift; path = ForgotPasswordRouter.swift; sourceTree = "<group>"; };
		84A62E522175CD95009C38E5 /* ForgotPasswordPresenter.swift */ = {isa = PBXFileReference; lastKnownFileType = sourcecode.swift; path = ForgotPasswordPresenter.swift; sourceTree = "<group>"; };
		84A62E542175CDFB009C38E5 /* ForgotPasswordInteractor.swift */ = {isa = PBXFileReference; lastKnownFileType = sourcecode.swift; path = ForgotPasswordInteractor.swift; sourceTree = "<group>"; };
		84F348532181B20C00F00E37 /* InboxFilterViewOld.swift */ = {isa = PBXFileReference; lastKnownFileType = sourcecode.swift; path = InboxFilterViewOld.swift; sourceTree = "<group>"; };
		84F348552181B21C00F00E37 /* InboxFilterOld.xib */ = {isa = PBXFileReference; lastKnownFileType = file.xib; path = InboxFilterOld.xib; sourceTree = "<group>"; };
		84F348572181F4E300F00E37 /* BlurEffect.swift */ = {isa = PBXFileReference; lastKnownFileType = sourcecode.swift; path = BlurEffect.swift; sourceTree = "<group>"; };
		8C75257603640BC3576C9BB5 /* Pods-Ctemplar.debug.xcconfig */ = {isa = PBXFileReference; includeInIndex = 1; lastKnownFileType = text.xcconfig; name = "Pods-Ctemplar.debug.xcconfig"; path = "Pods/Target Support Files/Pods-Ctemplar/Pods-Ctemplar.debug.xcconfig"; sourceTree = "<group>"; };
		A9B8DB58A9BFE099948CF3E1 /* Pods_Ctemplar.framework */ = {isa = PBXFileReference; explicitFileType = wrapper.framework; includeInIndex = 0; path = Pods_Ctemplar.framework; sourceTree = BUILT_PRODUCTS_DIR; };
		F6F0F7014DAB1A09E4C0F5D2 /* Pods-Ctemplar.release.xcconfig */ = {isa = PBXFileReference; includeInIndex = 1; lastKnownFileType = text.xcconfig; name = "Pods-Ctemplar.release.xcconfig"; path = "Pods/Target Support Files/Pods-Ctemplar/Pods-Ctemplar.release.xcconfig"; sourceTree = "<group>"; };
/* End PBXFileReference section */

/* Begin PBXFrameworksBuildPhase section */
		8433FF13216201A300C57DC8 /* Frameworks */ = {
			isa = PBXFrameworksBuildPhase;
			buildActionMask = 2147483647;
			files = (
				8432070B21784B0100F18E5A /* WebKit.framework in Frameworks */,
				8895AB178CEFEFB8A9DCD62B /* Pods_Ctemplar.framework in Frameworks */,
			);
			runOnlyForDeploymentPostprocessing = 0;
		};
/* End PBXFrameworksBuildPhase section */

/* Begin PBXGroup section */
		6B9D5D9669D4ECC4B64F115A /* Frameworks */ = {
			isa = PBXGroup;
			children = (
				8432070A21784B0100F18E5A /* WebKit.framework */,
				A9B8DB58A9BFE099948CF3E1 /* Pods_Ctemplar.framework */,
			);
			name = Frameworks;
			sourceTree = "<group>";
		};
		8407AD90216CC5C400AF2E7B /* Network Models */ = {
			isa = PBXGroup;
			children = (
				8407AD91216CC61600AF2E7B /* EmailMessagesList.swift */,
				8407AD93216CC98900AF2E7B /* EmailMessage.swift */,
				843FBF12216DEFBD00148FC1 /* Mailboxes.swift */,
				843FBF14216DF0A000148FC1 /* Mailbox.swift */,
			);
			path = "Network Models";
			sourceTree = "<group>";
		};
		8432070C21785E0D00F18E5A /* TableCells */ = {
			isa = PBXGroup;
			children = (
				8432070F21785E7500F18E5A /* InboxCells */,
				8432B2FA2186DC1C006C901C /* SideMenuCells */,
			);
			path = TableCells;
			sourceTree = "<group>";
		};
		8432070F21785E7500F18E5A /* InboxCells */ = {
			isa = PBXGroup;
			children = (
				843207142178C75000F18E5A /* InboxMessageTablelViewCell.swift */,
				8432071221785F8400F18E5A /* InboxMessageTableViewCell.xib */,
			);
			path = InboxCells;
			sourceTree = "<group>";
		};
		8432B2FA2186DC1C006C901C /* SideMenuCells */ = {
			isa = PBXGroup;
			children = (
				8432B2FB2186F39F006C901C /* SideMenuTableSectionHeaderView.swift */,
				8432B2FD2186F403006C901C /* SideMenuTableSectionHeader.xib */,
				8432B2FF218709C9006C901C /* SideMenuTableViewCell.swift */,
				8432B301218709F5006C901C /* SideMenuTableViewCell.xib */,
			);
			path = SideMenuCells;
			sourceTree = "<group>";
		};
		8433A53D2189DCB4008E1C85 /* MoveToViewController */ = {
			isa = PBXGroup;
			children = (
				8433A53E2189DD33008E1C85 /* MoveToViewController.swift */,
				8433A5402189DE17008E1C85 /* MoveTo.storyboard */,
			);
			path = MoveToViewController;
			sourceTree = "<group>";
		};
		8433FF0D216201A300C57DC8 = {
			isa = PBXGroup;
			children = (
				8433FF18216201A300C57DC8 /* Ctemplar */,
				8433FF17216201A300C57DC8 /* Products */,
				ACB141FEC80B2ECB5851B667 /* Pods */,
				6B9D5D9669D4ECC4B64F115A /* Frameworks */,
			);
			sourceTree = "<group>";
		};
		8433FF17216201A300C57DC8 /* Products */ = {
			isa = PBXGroup;
			children = (
				8433FF16216201A300C57DC8 /* Ctemplar.app */,
			);
			name = Products;
			sourceTree = "<group>";
		};
		8433FF18216201A300C57DC8 /* Ctemplar */ = {
			isa = PBXGroup;
			children = (
				8441099321776B6400F0BE18 /* README.md */,
				843FC3832164C320000CFEA9 /* Ctemplar.entitlements */,
				8433FF4F2162106200C57DC8 /* AplicationLayer */,
				8433FF4E2162105A00C57DC8 /* Models */,
				8433FF512162108B00C57DC8 /* Presentation */,
				8433FF502162106C00C57DC8 /* Services */,
				8433FF4D21620DC500C57DC8 /* Storyboards */,
				8433FF58216217DC00C57DC8 /* Resources */,
				8433FF25216201A500C57DC8 /* Info.plist */,
			);
			path = Ctemplar;
			sourceTree = "<group>";
		};
		8433FF4D21620DC500C57DC8 /* Storyboards */ = {
			isa = PBXGroup;
			children = (
				8433FF1D216201A300C57DC8 /* Main.storyboard */,
				8433FF4B21620DBD00C57DC8 /* Main-iPad.storyboard */,
			);
			path = Storyboards;
			sourceTree = "<group>";
		};
		8433FF4E2162105A00C57DC8 /* Models */ = {
			isa = PBXGroup;
			children = (
				844F4B5B216B3A830057C758 /* Local Models */,
				8407AD90216CC5C400AF2E7B /* Network Models */,
			);
			path = Models;
			sourceTree = "<group>";
		};
		8433FF4F2162106200C57DC8 /* AplicationLayer */ = {
			isa = PBXGroup;
			children = (
				8433FF19216201A300C57DC8 /* AppDelegate.swift */,
				8433FF56216212D500C57DC8 /* AplicationManager.swift */,
			);
			path = AplicationLayer;
			sourceTree = "<group>";
		};
		8433FF502162106C00C57DC8 /* Services */ = {
			isa = PBXGroup;
			children = (
				8433FF522162128200C57DC8 /* APIService.swift */,
				843FA927216BA39C00355849 /* FormatterService.swift */,
				843FC3812164C2CC000CFEA9 /* KeychainService.swift */,
				8433FF5B216246DC00C57DC8 /* PGPService.swift */,
				8433FF542162129800C57DC8 /* RestAPIService.swift */,
				84F348572181F4E300F00E37 /* BlurEffect.swift */,
			);
			path = Services;
			sourceTree = "<group>";
		};
		8433FF512162108B00C57DC8 /* Presentation */ = {
			isa = PBXGroup;
			children = (
				8432070C21785E0D00F18E5A /* TableCells */,
				843E972D21634E4800147CBE /* LaunchScreen */,
				843E973021635BC700147CBE /* LoginScreen */,
				843FC3842164C9CC000CFEA9 /* SignUpScreens */,
				8437103B217464B600DAE4BA /* ForgotPasswordsScreens */,
				844F4B58216B330E0057C758 /* MainViewController */,
				84356857216F2702002101D3 /* InboxScreen */,
				845E643C2170A440008612FE /* ComposeScreen */,
				8433A53D2189DCB4008E1C85 /* MoveToViewController */,
				8441098C2177233800F0BE18 /* ViewInboxEmailScreen */,
				845E643721708453008612FE /* SideMenu */,
				845E64412170BD08008612FE /* AboutAsScreen */,
			);
			path = Presentation;
			sourceTree = "<group>";
		};
		8433FF58216217DC00C57DC8 /* Resources */ = {
			isa = PBXGroup;
			children = (
				843E972B2163493800147CBE /* Fonts */,
				8433FF20216201A500C57DC8 /* Assets.xcassets */,
				8433FF592162181E00C57DC8 /* Constants.swift */,
				843FBF18216E4FE500148FC1 /* DeviceScreenConstants.swift */,
				8436AD552180663800D16008 /* Localizable.strings */,
			);
			path = Resources;
			sourceTree = "<group>";
		};
		84356857216F2702002101D3 /* InboxScreen */ = {
			isa = PBXGroup;
			children = (
				84F348512181B1AB00F00E37 /* FilterView */,
				84356858216F2736002101D3 /* InboxNavigationController.swift */,
				8435685C216F2DB3002101D3 /* InboxViewController.swift */,
				84356860216F2DE3002101D3 /* InboxConfigurator.swift */,
				84356862216F2DFE002101D3 /* InboxRouter.swift */,
				84356864216F2E0D002101D3 /* InboxPresenter.swift */,
				84356866216F2E20002101D3 /* InboxInteractor.swift */,
				8435685E216F2DCD002101D3 /* InboxDataSource.swift */,
				8435685A216F2748002101D3 /* Inbox.storyboard */,
			);
			path = InboxScreen;
			sourceTree = "<group>";
		};
		8437103B217464B600DAE4BA /* ForgotPasswordsScreens */ = {
			isa = PBXGroup;
			children = (
				8437103C217465A700DAE4BA /* ForgotPasswordNavigationController.swift */,
				8437103E217465DD00DAE4BA /* ForgotPasswordViewController.swift */,
				84371042217491F100DAE4BA /* ConfirmResetPasswordViewController.swift */,
				84A62E482175B508009C38E5 /* ResetPasswordViewController.swift */,
				84A62E4A2175C3CF009C38E5 /* NewPasswordViewController.swift */,
				84A62E4C2175C6EB009C38E5 /* ForgotUsernameViewController.swift */,
				84A62E4E2175CC98009C38E5 /* ForgotPasswordConfigurator.swift */,
				84A62E502175CD40009C38E5 /* ForgotPasswordRouter.swift */,
				84A62E522175CD95009C38E5 /* ForgotPasswordPresenter.swift */,
				84A62E542175CDFB009C38E5 /* ForgotPasswordInteractor.swift */,
				843710402174661000DAE4BA /* ForgotPassword.storyboard */,
			);
			path = ForgotPasswordsScreens;
			sourceTree = "<group>";
		};
		843E972B2163493800147CBE /* Fonts */ = {
			isa = PBXGroup;
			children = (
				845E64442170BF8F008612FE /* Lato-Black.ttf */,
				8441099121776B4C00F0BE18 /* Lato-Bold.ttf */,
				843E972C2163494400147CBE /* Lato-Regular.ttf */,
				843E973521635F6D00147CBE /* Roboto-Bold.ttf */,
			);
			path = Fonts;
			sourceTree = "<group>";
		};
		843E972D21634E4800147CBE /* LaunchScreen */ = {
			isa = PBXGroup;
			children = (
				8433FF22216201A500C57DC8 /* LaunchScreen.storyboard */,
				8433FF5D21626D0600C57DC8 /* LaunchScreen-iPad.storyboard */,
				843E972E21634E7800147CBE /* LaunchScreenViewController.swift */,
			);
			path = LaunchScreen;
			sourceTree = "<group>";
		};
		843E973021635BC700147CBE /* LoginScreen */ = {
			isa = PBXGroup;
			children = (
				843E973121635BEB00147CBE /* LoginViewController.swift */,
				843E973621636FF200147CBE /* LoginConfigurator.swift */,
				843E97382163700900147CBE /* LoginRouter.swift */,
				843E973C2163703100147CBE /* LoginPresenter.swift */,
				843E973A2163701B00147CBE /* LoginInteractor.swift */,
				843E973321635C3B00147CBE /* Login.storyboard */,
				843FBF16216E3D2400148FC1 /* Login-iPad.storyboard */,
			);
			path = LoginScreen;
			sourceTree = "<group>";
		};
		843FC3842164C9CC000CFEA9 /* SignUpScreens */ = {
			isa = PBXGroup;
			children = (
				843FC3912164D093000CFEA9 /* SignUpScreenPages */,
				843FC3852164C9EE000CFEA9 /* SignUpPageViewController.swift */,
				843FC3872164CA0D000CFEA9 /* SignUpConfigurator.swift */,
				843FC3892164CA1A000CFEA9 /* SignUpRouter.swift */,
				843FC38B2164CA27000CFEA9 /* SignUpPresenter.swift */,
				843FC38D2164CA35000CFEA9 /* SignUpInteractor.swift */,
				843FC38F2164CBFA000CFEA9 /* SignUp.storyboard */,
			);
			path = SignUpScreens;
			sourceTree = "<group>";
		};
		843FC3912164D093000CFEA9 /* SignUpScreenPages */ = {
			isa = PBXGroup;
			children = (
				843FC3922164D1B2000CFEA9 /* SignUpPageName.swift */,
				843FC3942164D1E3000CFEA9 /* SignUpPagePassword.swift */,
				843FC3962164D20E000CFEA9 /* SignUpPageEmail.swift */,
			);
			path = SignUpScreenPages;
			sourceTree = "<group>";
		};
		8441098C2177233800F0BE18 /* ViewInboxEmailScreen */ = {
			isa = PBXGroup;
			children = (
				8441098D2177238A00F0BE18 /* ViewInboxEmailViewController.swift */,
				8441098F217723CE00F0BE18 /* ViewInboxEmail.storyboard */,
			);
			path = ViewInboxEmailScreen;
			sourceTree = "<group>";
		};
		844F4B58216B330E0057C758 /* MainViewController */ = {
			isa = PBXGroup;
			children = (
				8433FF1B216201A300C57DC8 /* MainViewController.swift */,
			);
			path = MainViewController;
			sourceTree = "<group>";
		};
		844F4B5B216B3A830057C758 /* Local Models */ = {
			isa = PBXGroup;
			children = (
				844F4B59216B3A380057C758 /* UserPGPKey.swift */,
			);
			path = "Local Models";
			sourceTree = "<group>";
		};
		845E643721708453008612FE /* SideMenu */ = {
			isa = PBXGroup;
			children = (
				845E64382170849C008612FE /* InboxSideMenuViewController.swift */,
				84304297217D9D1C00DB5787 /* InboxSideMenuConfigurator.swift */,
				84304299217D9D2D00DB5787 /* InboxSideMenuRouter.swift */,
				8430429B217D9D3F00DB5787 /* InboxSideMenuPresenter.swift */,
				8430429D217D9D5100DB5787 /* InboxSideMenuInteractor.swift */,
				8430429F217D9D5D00DB5787 /* InboxSideMenuDataSource.swift */,
				845E643A21709330008612FE /* InboxSideMenu.storyboard */,
			);
			path = SideMenu;
			sourceTree = "<group>";
		};
		845E643C2170A440008612FE /* ComposeScreen */ = {
			isa = PBXGroup;
			children = (
				845E643D2170A46C008612FE /* ComposeViewController.swift */,
				845E643F2170A4A2008612FE /* Compose.storyboard */,
			);
			path = ComposeScreen;
			sourceTree = "<group>";
		};
		845E64412170BD08008612FE /* AboutAsScreen */ = {
			isa = PBXGroup;
			children = (
				845E64452170C5A4008612FE /* AboutAsViewController.swift */,
				845E64422170BD21008612FE /* AboutAs.storyboard */,
			);
			path = AboutAsScreen;
			sourceTree = "<group>";
		};
		84F348512181B1AB00F00E37 /* FilterView */ = {
			isa = PBXGroup;
			children = (
				8433A539218974B5008E1C85 /* InboxFilterView.swift */,
				8433A53B21897595008E1C85 /* InboxFilter.xib */,
				84F348532181B20C00F00E37 /* InboxFilterViewOld.swift */,
				84F348552181B21C00F00E37 /* InboxFilterOld.xib */,
			);
			path = FilterView;
			sourceTree = "<group>";
		};
		ACB141FEC80B2ECB5851B667 /* Pods */ = {
			isa = PBXGroup;
			children = (
				8C75257603640BC3576C9BB5 /* Pods-Ctemplar.debug.xcconfig */,
				F6F0F7014DAB1A09E4C0F5D2 /* Pods-Ctemplar.release.xcconfig */,
			);
			name = Pods;
			sourceTree = "<group>";
		};
/* End PBXGroup section */

/* Begin PBXNativeTarget section */
		8433FF15216201A300C57DC8 /* Ctemplar */ = {
			isa = PBXNativeTarget;
			buildConfigurationList = 8433FF28216201A500C57DC8 /* Build configuration list for PBXNativeTarget "Ctemplar" */;
			buildPhases = (
				E5597037CAA107E8BD1A2772 /* [CP] Check Pods Manifest.lock */,
				8433FF12216201A300C57DC8 /* Sources */,
				8433FF13216201A300C57DC8 /* Frameworks */,
				8433FF14216201A300C57DC8 /* Resources */,
				1B9415C320226EBF1E9E13BE /* [CP] Embed Pods Frameworks */,
			);
			buildRules = (
			);
			dependencies = (
			);
			name = Ctemplar;
			productName = Ctemplar;
			productReference = 8433FF16216201A300C57DC8 /* Ctemplar.app */;
			productType = "com.apple.product-type.application";
		};
/* End PBXNativeTarget section */

/* Begin PBXProject section */
		8433FF0E216201A300C57DC8 /* Project object */ = {
			isa = PBXProject;
			attributes = {
				LastSwiftUpdateCheck = 1000;
				LastUpgradeCheck = 1000;
				ORGANIZATIONNAME = ComeOnSoftware;
				TargetAttributes = {
					8433FF15216201A300C57DC8 = {
						CreatedOnToolsVersion = 10.0;
						SystemCapabilities = {
							com.apple.Keychain = {
								enabled = 1;
							};
						};
					};
				};
			};
			buildConfigurationList = 8433FF11216201A300C57DC8 /* Build configuration list for PBXProject "Ctemplar" */;
			compatibilityVersion = "Xcode 9.3";
			developmentRegion = en;
			hasScannedForEncodings = 0;
			knownRegions = (
				en,
				Base,
			);
			mainGroup = 8433FF0D216201A300C57DC8;
			productRefGroup = 8433FF17216201A300C57DC8 /* Products */;
			projectDirPath = "";
			projectRoot = "";
			targets = (
				8433FF15216201A300C57DC8 /* Ctemplar */,
			);
		};
/* End PBXProject section */

/* Begin PBXResourcesBuildPhase section */
		8433FF14216201A300C57DC8 /* Resources */ = {
			isa = PBXResourcesBuildPhase;
			buildActionMask = 2147483647;
			files = (
				84410990217723CE00F0BE18 /* ViewInboxEmail.storyboard in Resources */,
				845E64482170CAEF008612FE /* Lato-Black.ttf in Resources */,
				845E64432170BD21008612FE /* AboutAs.storyboard in Resources */,
				845E64492170CAF2008612FE /* Roboto-Bold.ttf in Resources */,
				843FBF17216E3D2400148FC1 /* Login-iPad.storyboard in Resources */,
				8433A5412189DE17008E1C85 /* MoveTo.storyboard in Resources */,
				843710412174661000DAE4BA /* ForgotPassword.storyboard in Resources */,
				845E643B21709330008612FE /* InboxSideMenu.storyboard in Resources */,
				8441099221776B5100F0BE18 /* Lato-Bold.ttf in Resources */,
				845E64402170A4A2008612FE /* Compose.storyboard in Resources */,
				8433FF24216201A500C57DC8 /* LaunchScreen.storyboard in Resources */,
				8436AD532180663800D16008 /* Localizable.strings in Resources */,
				8435685B216F2748002101D3 /* Inbox.storyboard in Resources */,
				8433FF4C21620DBD00C57DC8 /* Main-iPad.storyboard in Resources */,
				8432B2FE2186F403006C901C /* SideMenuTableSectionHeader.xib in Resources */,
				8433A53C21897595008E1C85 /* InboxFilter.xib in Resources */,
				8432B302218709F5006C901C /* SideMenuTableViewCell.xib in Resources */,
				843E973421635C3B00147CBE /* Login.storyboard in Resources */,
				8432071321785F8400F18E5A /* InboxMessageTableViewCell.xib in Resources */,
				8441099421776B6400F0BE18 /* README.md in Resources */,
				843FC3902164CBFA000CFEA9 /* SignUp.storyboard in Resources */,
				8433FF21216201A500C57DC8 /* Assets.xcassets in Resources */,
				845E64472170CA6F008612FE /* Lato-Regular.ttf in Resources */,
				8433FF5E21626D0600C57DC8 /* LaunchScreen-iPad.storyboard in Resources */,
				8433FF1F216201A300C57DC8 /* Main.storyboard in Resources */,
			);
			runOnlyForDeploymentPostprocessing = 0;
		};
/* End PBXResourcesBuildPhase section */

/* Begin PBXShellScriptBuildPhase section */
		1B9415C320226EBF1E9E13BE /* [CP] Embed Pods Frameworks */ = {
			isa = PBXShellScriptBuildPhase;
			buildActionMask = 2147483647;
			files = (
			);
			inputFileListPaths = (
			);
			inputPaths = (
				"${SRCROOT}/Pods/Target Support Files/Pods-Ctemplar/Pods-Ctemplar-frameworks.sh",
				"${BUILT_PRODUCTS_DIR}/Alamofire/Alamofire.framework",
				"${BUILT_PRODUCTS_DIR}/AlertHelperKit/AlertHelperKit.framework",
				"${BUILT_PRODUCTS_DIR}/BCryptSwift/BCryptSwift.framework",
				"${BUILT_PRODUCTS_DIR}/KeychainSwift/KeychainSwift.framework",
				"${BUILT_PRODUCTS_DIR}/MGSwipeTableCell/MGSwipeTableCell.framework",
				"${PODS_ROOT}/ObjectivePGP/Frameworks/ios/ObjectivePGP.framework",
				"${PODS_ROOT}/ObjectivePGP/Frameworks/ios/ObjectivePGP.framework.dSYM",
				"${BUILT_PRODUCTS_DIR}/PKHUD/PKHUD.framework",
				"${BUILT_PRODUCTS_DIR}/SideMenu/SideMenu.framework",
			);
			name = "[CP] Embed Pods Frameworks";
			outputFileListPaths = (
			);
			outputPaths = (
				"${TARGET_BUILD_DIR}/${FRAMEWORKS_FOLDER_PATH}/Alamofire.framework",
				"${TARGET_BUILD_DIR}/${FRAMEWORKS_FOLDER_PATH}/AlertHelperKit.framework",
				"${TARGET_BUILD_DIR}/${FRAMEWORKS_FOLDER_PATH}/BCryptSwift.framework",
				"${TARGET_BUILD_DIR}/${FRAMEWORKS_FOLDER_PATH}/KeychainSwift.framework",
				"${TARGET_BUILD_DIR}/${FRAMEWORKS_FOLDER_PATH}/MGSwipeTableCell.framework",
				"${TARGET_BUILD_DIR}/${FRAMEWORKS_FOLDER_PATH}/ObjectivePGP.framework",
				"${DWARF_DSYM_FOLDER_PATH}/ObjectivePGP.framework.dSYM",
				"${TARGET_BUILD_DIR}/${FRAMEWORKS_FOLDER_PATH}/PKHUD.framework",
				"${TARGET_BUILD_DIR}/${FRAMEWORKS_FOLDER_PATH}/SideMenu.framework",
			);
			runOnlyForDeploymentPostprocessing = 0;
			shellPath = /bin/sh;
			shellScript = "\"${SRCROOT}/Pods/Target Support Files/Pods-Ctemplar/Pods-Ctemplar-frameworks.sh\"\n";
			showEnvVarsInLog = 0;
		};
		E5597037CAA107E8BD1A2772 /* [CP] Check Pods Manifest.lock */ = {
			isa = PBXShellScriptBuildPhase;
			buildActionMask = 2147483647;
			files = (
			);
			inputFileListPaths = (
			);
			inputPaths = (
				"${PODS_PODFILE_DIR_PATH}/Podfile.lock",
				"${PODS_ROOT}/Manifest.lock",
			);
			name = "[CP] Check Pods Manifest.lock";
			outputFileListPaths = (
			);
			outputPaths = (
				"$(DERIVED_FILE_DIR)/Pods-Ctemplar-checkManifestLockResult.txt",
			);
			runOnlyForDeploymentPostprocessing = 0;
			shellPath = /bin/sh;
			shellScript = "diff \"${PODS_PODFILE_DIR_PATH}/Podfile.lock\" \"${PODS_ROOT}/Manifest.lock\" > /dev/null\nif [ $? != 0 ] ; then\n    # print error to STDERR\n    echo \"error: The sandbox is not in sync with the Podfile.lock. Run 'pod install' or update your CocoaPods installation.\" >&2\n    exit 1\nfi\n# This output is used by Xcode 'outputs' to avoid re-running this script phase.\necho \"SUCCESS\" > \"${SCRIPT_OUTPUT_FILE_0}\"\n";
			showEnvVarsInLog = 0;
		};
/* End PBXShellScriptBuildPhase section */

/* Begin PBXSourcesBuildPhase section */
		8433FF12216201A300C57DC8 /* Sources */ = {
			isa = PBXSourcesBuildPhase;
			buildActionMask = 2147483647;
			files = (
				84371043217491F100DAE4BA /* ConfirmResetPasswordViewController.swift in Sources */,
				8407AD92216CC61600AF2E7B /* EmailMessagesList.swift in Sources */,
				843FC38E2164CA35000CFEA9 /* SignUpInteractor.swift in Sources */,
				8430429C217D9D3F00DB5787 /* InboxSideMenuPresenter.swift in Sources */,
				843FC38C2164CA27000CFEA9 /* SignUpPresenter.swift in Sources */,
				843042A0217D9D5D00DB5787 /* InboxSideMenuDataSource.swift in Sources */,
				84A62E532175CD95009C38E5 /* ForgotPasswordPresenter.swift in Sources */,
				843E973221635BEB00147CBE /* LoginViewController.swift in Sources */,
				8433FF552162129800C57DC8 /* RestAPIService.swift in Sources */,
				84304298217D9D1C00DB5787 /* InboxSideMenuConfigurator.swift in Sources */,
				84356861216F2DE3002101D3 /* InboxConfigurator.swift in Sources */,
				8433FF5C216246DC00C57DC8 /* PGPService.swift in Sources */,
				843E972F21634E7900147CBE /* LaunchScreenViewController.swift in Sources */,
				8407AD94216CC98900AF2E7B /* EmailMessage.swift in Sources */,
				84356863216F2DFE002101D3 /* InboxRouter.swift in Sources */,
				8432B300218709C9006C901C /* SideMenuTableViewCell.swift in Sources */,
				843FA928216BA39C00355849 /* FormatterService.swift in Sources */,
				8433FF57216212D500C57DC8 /* AplicationManager.swift in Sources */,
				8437103F217465DD00DAE4BA /* ForgotPasswordViewController.swift in Sources */,
				8433FF1C216201A300C57DC8 /* MainViewController.swift in Sources */,
				843FC38A2164CA1A000CFEA9 /* SignUpRouter.swift in Sources */,
				84A62E552175CDFB009C38E5 /* ForgotPasswordInteractor.swift in Sources */,
				84A62E4D2175C6EB009C38E5 /* ForgotUsernameViewController.swift in Sources */,
				84A62E492175B508009C38E5 /* ResetPasswordViewController.swift in Sources */,
				8433FF532162128200C57DC8 /* APIService.swift in Sources */,
				84356867216F2E20002101D3 /* InboxInteractor.swift in Sources */,
				84A62E4F2175CC98009C38E5 /* ForgotPasswordConfigurator.swift in Sources */,
				8433FF1A216201A300C57DC8 /* AppDelegate.swift in Sources */,
				844F4B5A216B3A380057C758 /* UserPGPKey.swift in Sources */,
				8430429A217D9D2D00DB5787 /* InboxSideMenuRouter.swift in Sources */,
				843E973D2163703100147CBE /* LoginPresenter.swift in Sources */,
				843FC3862164C9EE000CFEA9 /* SignUpPageViewController.swift in Sources */,
				843FBF15216DF0A000148FC1 /* Mailbox.swift in Sources */,
				843FBF19216E4FE500148FC1 /* DeviceScreenConstants.swift in Sources */,
				843E973B2163701B00147CBE /* LoginInteractor.swift in Sources */,
				843E97392163700900147CBE /* LoginRouter.swift in Sources */,
				843FC3952164D1E3000CFEA9 /* SignUpPagePassword.swift in Sources */,
				845E643E2170A46C008612FE /* ComposeViewController.swift in Sources */,
				84356865216F2E0D002101D3 /* InboxPresenter.swift in Sources */,
				8433A53A218974B5008E1C85 /* InboxFilterView.swift in Sources */,
				843FC3932164D1B2000CFEA9 /* SignUpPageName.swift in Sources */,
				843FC3882164CA0D000CFEA9 /* SignUpConfigurator.swift in Sources */,
				845E64392170849C008612FE /* InboxSideMenuViewController.swift in Sources */,
				843FC3822164C2CC000CFEA9 /* KeychainService.swift in Sources */,
				84356859216F2736002101D3 /* InboxNavigationController.swift in Sources */,
				843E973721636FF200147CBE /* LoginConfigurator.swift in Sources */,
				8432B2FC2186F39F006C901C /* SideMenuTableSectionHeaderView.swift in Sources */,
				8435685F216F2DCD002101D3 /* InboxDataSource.swift in Sources */,
				845E64462170C5A4008612FE /* AboutAsViewController.swift in Sources */,
				8433A53F2189DD33008E1C85 /* MoveToViewController.swift in Sources */,
				84F348582181F4E300F00E37 /* BlurEffect.swift in Sources */,
				84A62E4B2175C3CF009C38E5 /* NewPasswordViewController.swift in Sources */,
				8437103D217465A700DAE4BA /* ForgotPasswordNavigationController.swift in Sources */,
				8430429E217D9D5100DB5787 /* InboxSideMenuInteractor.swift in Sources */,
				8433FF5A2162181E00C57DC8 /* Constants.swift in Sources */,
				8441098E2177238A00F0BE18 /* ViewInboxEmailViewController.swift in Sources */,
				8435685D216F2DB3002101D3 /* InboxViewController.swift in Sources */,
				843207152178C75000F18E5A /* InboxMessageTablelViewCell.swift in Sources */,
				843FC3972164D20E000CFEA9 /* SignUpPageEmail.swift in Sources */,
				84A62E512175CD40009C38E5 /* ForgotPasswordRouter.swift in Sources */,
				843FBF13216DEFBD00148FC1 /* Mailboxes.swift in Sources */,
			);
			runOnlyForDeploymentPostprocessing = 0;
		};
/* End PBXSourcesBuildPhase section */

/* Begin PBXVariantGroup section */
		8433FF1D216201A300C57DC8 /* Main.storyboard */ = {
			isa = PBXVariantGroup;
			children = (
				8433FF1E216201A300C57DC8 /* Base */,
				8436AD502180650A00D16008 /* ru */,
			);
			name = Main.storyboard;
			sourceTree = "<group>";
		};
		8433FF22216201A500C57DC8 /* LaunchScreen.storyboard */ = {
			isa = PBXVariantGroup;
			children = (
				8433FF23216201A500C57DC8 /* Base */,
				8436AD4F2180650900D16008 /* ru */,
				8436AD5821806D3400D16008 /* en */,
			);
			name = LaunchScreen.storyboard;
			sourceTree = "<group>";
		};
		8436AD552180663800D16008 /* Localizable.strings */ = {
			isa = PBXVariantGroup;
			children = (
				8436AD542180663800D16008 /* ru */,
				8436AD562180664100D16008 /* en */,
			);
			name = Localizable.strings;
			sourceTree = "<group>";
		};
/* End PBXVariantGroup section */

/* Begin XCBuildConfiguration section */
		8433FF26216201A500C57DC8 /* Debug */ = {
			isa = XCBuildConfiguration;
			buildSettings = {
				ALWAYS_SEARCH_USER_PATHS = NO;
				CLANG_ANALYZER_LOCALIZABILITY_NONLOCALIZED = YES;
				CLANG_ANALYZER_NONNULL = YES;
				CLANG_ANALYZER_NUMBER_OBJECT_CONVERSION = YES_AGGRESSIVE;
				CLANG_CXX_LANGUAGE_STANDARD = "gnu++14";
				CLANG_CXX_LIBRARY = "libc++";
				CLANG_ENABLE_MODULES = YES;
				CLANG_ENABLE_OBJC_ARC = YES;
				CLANG_ENABLE_OBJC_WEAK = YES;
				CLANG_WARN_BLOCK_CAPTURE_AUTORELEASING = YES;
				CLANG_WARN_BOOL_CONVERSION = YES;
				CLANG_WARN_COMMA = YES;
				CLANG_WARN_CONSTANT_CONVERSION = YES;
				CLANG_WARN_DEPRECATED_OBJC_IMPLEMENTATIONS = YES;
				CLANG_WARN_DIRECT_OBJC_ISA_USAGE = YES_ERROR;
				CLANG_WARN_DOCUMENTATION_COMMENTS = YES;
				CLANG_WARN_EMPTY_BODY = YES;
				CLANG_WARN_ENUM_CONVERSION = YES;
				CLANG_WARN_INFINITE_RECURSION = YES;
				CLANG_WARN_INT_CONVERSION = YES;
				CLANG_WARN_NON_LITERAL_NULL_CONVERSION = YES;
				CLANG_WARN_OBJC_IMPLICIT_RETAIN_SELF = YES;
				CLANG_WARN_OBJC_LITERAL_CONVERSION = YES;
				CLANG_WARN_OBJC_ROOT_CLASS = YES_ERROR;
				CLANG_WARN_RANGE_LOOP_ANALYSIS = YES;
				CLANG_WARN_STRICT_PROTOTYPES = YES;
				CLANG_WARN_SUSPICIOUS_MOVE = YES;
				CLANG_WARN_UNGUARDED_AVAILABILITY = YES_AGGRESSIVE;
				CLANG_WARN_UNREACHABLE_CODE = YES;
				CLANG_WARN__DUPLICATE_METHOD_MATCH = YES;
				CODE_SIGN_IDENTITY = "iPhone Developer";
				COPY_PHASE_STRIP = NO;
				DEBUG_INFORMATION_FORMAT = dwarf;
				ENABLE_STRICT_OBJC_MSGSEND = YES;
				ENABLE_TESTABILITY = YES;
				GCC_C_LANGUAGE_STANDARD = gnu11;
				GCC_DYNAMIC_NO_PIC = NO;
				GCC_NO_COMMON_BLOCKS = YES;
				GCC_OPTIMIZATION_LEVEL = 0;
				GCC_PREPROCESSOR_DEFINITIONS = (
					"DEBUG=1",
					"$(inherited)",
				);
				GCC_WARN_64_TO_32_BIT_CONVERSION = YES;
				GCC_WARN_ABOUT_RETURN_TYPE = YES_ERROR;
				GCC_WARN_UNDECLARED_SELECTOR = YES;
				GCC_WARN_UNINITIALIZED_AUTOS = YES_AGGRESSIVE;
				GCC_WARN_UNUSED_FUNCTION = YES;
				GCC_WARN_UNUSED_VARIABLE = YES;
				IPHONEOS_DEPLOYMENT_TARGET = 12.0;
				MTL_ENABLE_DEBUG_INFO = INCLUDE_SOURCE;
				MTL_FAST_MATH = YES;
				ONLY_ACTIVE_ARCH = YES;
				SDKROOT = iphoneos;
				SWIFT_ACTIVE_COMPILATION_CONDITIONS = DEBUG;
				SWIFT_OPTIMIZATION_LEVEL = "-Onone";
			};
			name = Debug;
		};
		8433FF27216201A500C57DC8 /* Release */ = {
			isa = XCBuildConfiguration;
			buildSettings = {
				ALWAYS_SEARCH_USER_PATHS = NO;
				CLANG_ANALYZER_LOCALIZABILITY_NONLOCALIZED = YES;
				CLANG_ANALYZER_NONNULL = YES;
				CLANG_ANALYZER_NUMBER_OBJECT_CONVERSION = YES_AGGRESSIVE;
				CLANG_CXX_LANGUAGE_STANDARD = "gnu++14";
				CLANG_CXX_LIBRARY = "libc++";
				CLANG_ENABLE_MODULES = YES;
				CLANG_ENABLE_OBJC_ARC = YES;
				CLANG_ENABLE_OBJC_WEAK = YES;
				CLANG_WARN_BLOCK_CAPTURE_AUTORELEASING = YES;
				CLANG_WARN_BOOL_CONVERSION = YES;
				CLANG_WARN_COMMA = YES;
				CLANG_WARN_CONSTANT_CONVERSION = YES;
				CLANG_WARN_DEPRECATED_OBJC_IMPLEMENTATIONS = YES;
				CLANG_WARN_DIRECT_OBJC_ISA_USAGE = YES_ERROR;
				CLANG_WARN_DOCUMENTATION_COMMENTS = YES;
				CLANG_WARN_EMPTY_BODY = YES;
				CLANG_WARN_ENUM_CONVERSION = YES;
				CLANG_WARN_INFINITE_RECURSION = YES;
				CLANG_WARN_INT_CONVERSION = YES;
				CLANG_WARN_NON_LITERAL_NULL_CONVERSION = YES;
				CLANG_WARN_OBJC_IMPLICIT_RETAIN_SELF = YES;
				CLANG_WARN_OBJC_LITERAL_CONVERSION = YES;
				CLANG_WARN_OBJC_ROOT_CLASS = YES_ERROR;
				CLANG_WARN_RANGE_LOOP_ANALYSIS = YES;
				CLANG_WARN_STRICT_PROTOTYPES = YES;
				CLANG_WARN_SUSPICIOUS_MOVE = YES;
				CLANG_WARN_UNGUARDED_AVAILABILITY = YES_AGGRESSIVE;
				CLANG_WARN_UNREACHABLE_CODE = YES;
				CLANG_WARN__DUPLICATE_METHOD_MATCH = YES;
				CODE_SIGN_IDENTITY = "iPhone Developer";
				COPY_PHASE_STRIP = NO;
				DEBUG_INFORMATION_FORMAT = "dwarf-with-dsym";
				ENABLE_NS_ASSERTIONS = NO;
				ENABLE_STRICT_OBJC_MSGSEND = YES;
				GCC_C_LANGUAGE_STANDARD = gnu11;
				GCC_NO_COMMON_BLOCKS = YES;
				GCC_WARN_64_TO_32_BIT_CONVERSION = YES;
				GCC_WARN_ABOUT_RETURN_TYPE = YES_ERROR;
				GCC_WARN_UNDECLARED_SELECTOR = YES;
				GCC_WARN_UNINITIALIZED_AUTOS = YES_AGGRESSIVE;
				GCC_WARN_UNUSED_FUNCTION = YES;
				GCC_WARN_UNUSED_VARIABLE = YES;
				IPHONEOS_DEPLOYMENT_TARGET = 12.0;
				MTL_ENABLE_DEBUG_INFO = NO;
				MTL_FAST_MATH = YES;
				SDKROOT = iphoneos;
				SWIFT_COMPILATION_MODE = wholemodule;
				SWIFT_OPTIMIZATION_LEVEL = "-O";
				VALIDATE_PRODUCT = YES;
			};
			name = Release;
		};
		8433FF29216201A500C57DC8 /* Debug */ = {
			isa = XCBuildConfiguration;
			baseConfigurationReference = 8C75257603640BC3576C9BB5 /* Pods-Ctemplar.debug.xcconfig */;
			buildSettings = {
				ASSETCATALOG_COMPILER_APPICON_NAME = AppIcon;
				CODE_SIGN_ENTITLEMENTS = Ctemplar/Ctemplar.entitlements;
				CODE_SIGN_STYLE = Automatic;
				DEVELOPMENT_TEAM = TL9R53MN93;
				ENABLE_BITCODE = NO;
				INFOPLIST_FILE = Ctemplar/Info.plist;
				IPHONEOS_DEPLOYMENT_TARGET = 11.0;
				LD_RUNPATH_SEARCH_PATHS = (
					"$(inherited)",
					"@executable_path/Frameworks",
				);
				PRODUCT_BUNDLE_IDENTIFIER = ComeOnSoftware.Ctemplar;
				PRODUCT_NAME = "$(TARGET_NAME)";
				SWIFT_VERSION = 4.2;
				TARGETED_DEVICE_FAMILY = "1,2";
			};
			name = Debug;
		};
		8433FF2A216201A500C57DC8 /* Release */ = {
			isa = XCBuildConfiguration;
			baseConfigurationReference = F6F0F7014DAB1A09E4C0F5D2 /* Pods-Ctemplar.release.xcconfig */;
			buildSettings = {
				ASSETCATALOG_COMPILER_APPICON_NAME = AppIcon;
				CODE_SIGN_ENTITLEMENTS = Ctemplar/Ctemplar.entitlements;
				CODE_SIGN_STYLE = Automatic;
				DEVELOPMENT_TEAM = TL9R53MN93;
				ENABLE_BITCODE = NO;
				INFOPLIST_FILE = Ctemplar/Info.plist;
				IPHONEOS_DEPLOYMENT_TARGET = 11.0;
				LD_RUNPATH_SEARCH_PATHS = (
					"$(inherited)",
					"@executable_path/Frameworks",
				);
				PRODUCT_BUNDLE_IDENTIFIER = ComeOnSoftware.Ctemplar;
				PRODUCT_NAME = "$(TARGET_NAME)";
				SWIFT_VERSION = 4.2;
				TARGETED_DEVICE_FAMILY = "1,2";
			};
			name = Release;
		};
/* End XCBuildConfiguration section */

/* Begin XCConfigurationList section */
		8433FF11216201A300C57DC8 /* Build configuration list for PBXProject "Ctemplar" */ = {
			isa = XCConfigurationList;
			buildConfigurations = (
				8433FF26216201A500C57DC8 /* Debug */,
				8433FF27216201A500C57DC8 /* Release */,
			);
			defaultConfigurationIsVisible = 0;
			defaultConfigurationName = Release;
		};
		8433FF28216201A500C57DC8 /* Build configuration list for PBXNativeTarget "Ctemplar" */ = {
			isa = XCConfigurationList;
			buildConfigurations = (
				8433FF29216201A500C57DC8 /* Debug */,
				8433FF2A216201A500C57DC8 /* Release */,
			);
			defaultConfigurationIsVisible = 0;
			defaultConfigurationName = Release;
		};
/* End XCConfigurationList section */
	};
	rootObject = 8433FF0E216201A300C57DC8 /* Project object */;
}
