{
  "object": {
    "pins": [
      {
        "package": "Alamofire",
        "repositoryURL": "https://github.com/Alamofire/Alamofire.git",
        "state": {
          "branch": null,
          "revision": "d120af1e8638c7da36c8481fd61a66c0c08dc4fc",
          "version": "5.4.4"
        }
      },
      {
        "package": "AlertHelperKit",
        "repositoryURL": "https://github.com/sohamb1390/AlertHelperKitPackage.git",
        "state": {
          "branch": null,
          "revision": "9e97a433ff65b0f5912f7314b2ba2f9d4d287be5",
          "version": "1.0.1"
        }
      },
      {
        "package": "BJOTPViewController",
        "repositoryURL": "https://github.com/BadhanGanesh/BJOTPViewController.git",
        "state": {
          "branch": null,
          "revision": "345f6cba5e2a1e5cafc3a644370a79245276f84e",
          "version": "2.5.0"
        }
      },
      {
        "package": "Colorful",
        "repositoryURL": "https://github.com/hayashi311/Color-Picker-for-iOS.git",
        "state": {
          "branch": null,
          "revision": "3a760156bc0771f16a32bb84215b305dec13df6a",
          "version": "3.0.2"
        }
      },
      {
        "package": "CryptoHelperKit",
        "repositoryURL": "https://github.com/sohamb1390/CryptoHelperPackage.git",
        "state": {
          "branch": null,
          "revision": "73e1cbae8741f00ce5106800b1783d940a82af3b",
          "version": "1.0.0"
        }
      },
      {
        "package": "IQKeyboardManagerSwift",
        "repositoryURL": "https://github.com/hackiftekhar/IQKeyboardManager.git",
        "state": {
          "branch": null,
          "revision": "4dc6bc7d1c9747bd0c261c8c055903f9fdef91f7",
          "version": "6.5.6"
        }
      },
      {
        "package": "KDLoadingHelperKit",
        "repositoryURL": "https://github.com/sohamb1390/KDLoadingViewHelper.git",
        "state": {
          "branch": null,
          "revision": "1c4dea1586b9d7687fb08bcbafb06fa76c64aa69",
          "version": "1.0.2"
        }
      },
      {
        "package": "KeychainSwift",
        "repositoryURL": "https://github.com/evgenyneu/keychain-swift.git",
        "state": {
          "branch": null,
          "revision": "96fb84f45a96630e7583903bd7e08cf095c7a7ef",
          "version": "19.0.0"
        }
      },
      {
        "package": "QuickLayout",
        "repositoryURL": "https://github.com/huri000/QuickLayout.git",
        "state": {
          "branch": null,
          "revision": "6be62decbe508d8fc8f9dbafc349d05bab03c38b",
          "version": "3.0.1"
        }
      },
      {
        "package": "Reachability",
        "repositoryURL": "https://github.com/ashleymills/Reachability.swift.git",
        "state": {
          "branch": null,
          "revision": "c01bbdf2d633cf049ae1ed1a68a2020a8bda32e2",
          "version": "5.1.0"
        }
      },
      {
        "package": "SideMenu",
        "repositoryURL": "https://github.com/kukushi/SideMenu.git",
        "state": {
          "branch": null,
          "revision": "c168c143a1acb690ebb992406d9a03ce8791f47c",
          "version": "2.0.9"
        }
      },
      {
        "package": "SnapKit",
        "repositoryURL": "https://github.com/SnapKit/SnapKit.git",
        "state": {
          "branch": null,
          "revision": "d458564516e5676af9c70b4f4b2a9178294f1bc6",
          "version": "5.0.1"
        }
      },
      {
        "package": "SnapshotTesting",
        "repositoryURL": "https://github.com/pointfreeco/swift-snapshot-testing.git",
        "state": {
          "branch": null,
          "revision": "f8a9c997c3c1dab4e216a8ec9014e23144cbab37",
          "version": "1.9.0"
        }
      },
      {
        "package": "SwiftEntryKit",
        "repositoryURL": "https://github.com/huri000/SwiftEntryKit.git",
        "state": {
          "branch": null,
          "revision": "c2d42574e4fe4e1f9719843f35add7922942a16b",
          "version": "1.2.7"
        }
      },
      {
        "package": "SwipeCellKit",
        "repositoryURL": "https://github.com/SwipeCellKit/SwipeCellKit.git",
        "state": {
          "branch": null,
          "revision": "7219cad3098637176ace311510d11467dbfb9bb0",
          "version": "2.7.1"
        }
      }
    ]
  },
  "version": 1
}
