{
  "object": {
    "pins": [
      {
        "package": "Alamofire",
        "repositoryURL": "https://github.com/Alamofire/Alamofire.git",
        "state": {
          "branch": null,
          "revision": "becd9a729a37bdbef5bc39dc3c702b99f9e3d046",
          "version": "5.2.2"
        }
      },
      {
        "package": "AlertHelperKit",
        "repositoryURL": "https://github.com/sohamb1390/AlertHelperKitPackage.git",
        "state": {
          "branch": null,
          "revision": "9e97a433ff65b0f5912f7314b2ba2f9d4d287be5",
          "version": "1.0.1"
        }
      },
      {
        "package": "BJOTPViewController",
        "repositoryURL": "https://github.com/BadhanGanesh/BJOTPViewController.git",
        "state": {
          "branch": null,
          "revision": "a2abe9ab08042e72d0bda6c5f607700d45748285",
          "version": "2.4.2"
        }
      },
      {
        "package": "CryptoHelperKit",
        "repositoryURL": "https://github.com/sohamb1390/CryptoHelperPackage.git",
        "state": {
          "branch": null,
          "revision": "73e1cbae8741f00ce5106800b1783d940a82af3b",
          "version": "1.0.0"
        }
      },
      {
        "package": "IQKeyboardManagerSwift",
        "repositoryURL": "https://github.com/hackiftekhar/IQKeyboardManager.git",
        "state": {
          "branch": null,
          "revision": "b0f0a127cca6bb39378447baa2afff74123abd09",
          "version": "6.5.5"
        }
      },
      {
        "package": "KDLoadingHelperKit",
        "repositoryURL": "https://github.com/sohamb1390/KDLoadingViewHelper.git",
        "state": {
          "branch": null,
          "revision": "1c4dea1586b9d7687fb08bcbafb06fa76c64aa69",
          "version": "1.0.2"
        }
      },
      {
        "package": "KeychainSwift",
        "repositoryURL": "https://github.com/evgenyneu/keychain-swift.git",
        "state": {
          "branch": null,
          "revision": "96fb84f45a96630e7583903bd7e08cf095c7a7ef",
          "version": "19.0.0"
        }
      },
      {
        "package": "QuickLayout",
        "repositoryURL": "https://github.com/huri000/QuickLayout.git",
        "state": {
          "branch": null,
          "revision": "6be62decbe508d8fc8f9dbafc349d05bab03c38b",
          "version": "3.0.1"
        }
      },
      {
        "package": "Reachability",
        "repositoryURL": "https://github.com/ashleymills/Reachability.swift.git",
        "state": {
          "branch": null,
          "revision": "98e968e7b6c1318fb61df23e347bc319761e8acb",
          "version": "5.0.0"
        }
      },
      {
        "package": "SideMenu",
        "repositoryURL": "https://github.com/kukushi/SideMenu.git",
        "state": {
          "branch": null,
          "revision": "17a661eb76d3385a76688acf842a24f641f913fd",
          "version": "2.0.5"
        }
      },
      {
        "package": "SnapKit",
        "repositoryURL": "https://github.com/SnapKit/SnapKit.git",
        "state": {
          "branch": null,
          "revision": "d458564516e5676af9c70b4f4b2a9178294f1bc6",
          "version": "5.0.1"
        }
      },
      {
        "package": "SnapshotTesting",
        "repositoryURL": "https://github.com/pointfreeco/swift-snapshot-testing.git",
        "state": {
          "branch": null,
          "revision": "2fd91357e90efe82bfa6845d1e7d5bc2f5025d35",
          "version": "1.8.1"
        }
      },
      {
        "package": "SwiftEntryKit",
        "repositoryURL": "https://github.com/huri000/SwiftEntryKit.git",
        "state": {
          "branch": null,
          "revision": "796981500de29ee72f72ef8e9c46eaed2fe6364e",
          "version": "1.2.3"
        }
      }
    ]
  },
  "version": 1
}
